// !$*UTF8*$!
{
	archiveVersion = 1;
	classes = {
	};
	objectVersion = 48;
	objects = {

/* Begin PBXBuildFile section */
		9E20C48D1FD96A47007A040E /* Authenticator.swift in Sources */ = {isa = PBXBuildFile; fileRef = 9E20C48C1FD96A47007A040E /* Authenticator.swift */; };
		9E20C48F1FD97860007A040E /* ETLoginViewModel.swift in Sources */ = {isa = PBXBuildFile; fileRef = 9E20C48E1FD97860007A040E /* ETLoginViewModel.swift */; };
		9E4A173D1FD966EE00808EF9 /* ETRootViewController.swift in Sources */ = {isa = PBXBuildFile; fileRef = 9E4A173B1FD966EE00808EF9 /* ETRootViewController.swift */; };
		9E4A173E1FD966EE00808EF9 /* ETRootViewController.xib in Resources */ = {isa = PBXBuildFile; fileRef = 9E4A173C1FD966EE00808EF9 /* ETRootViewController.xib */; };
		9E4A17411FD9670200808EF9 /* ETLoginViewController.swift in Sources */ = {isa = PBXBuildFile; fileRef = 9E4A173F1FD9670200808EF9 /* ETLoginViewController.swift */; };
		9E4A17421FD9670200808EF9 /* ETLoginViewController.xib in Resources */ = {isa = PBXBuildFile; fileRef = 9E4A17401FD9670200808EF9 /* ETLoginViewController.xib */; };
		9EB63E891FD988BB00DB5A67 /* IQNSArray+Sort.swift in Sources */ = {isa = PBXBuildFile; fileRef = 9EB63E731FD988BB00DB5A67 /* IQNSArray+Sort.swift */; };
		9EB63E8A1FD988BB00DB5A67 /* IQUIScrollView+Additions.swift in Sources */ = {isa = PBXBuildFile; fileRef = 9EB63E741FD988BB00DB5A67 /* IQUIScrollView+Additions.swift */; };
		9EB63E8B1FD988BB00DB5A67 /* IQUITextFieldView+Additions.swift in Sources */ = {isa = PBXBuildFile; fileRef = 9EB63E751FD988BB00DB5A67 /* IQUITextFieldView+Additions.swift */; };
		9EB63E8C1FD988BB00DB5A67 /* IQUIView+Hierarchy.swift in Sources */ = {isa = PBXBuildFile; fileRef = 9EB63E761FD988BB00DB5A67 /* IQUIView+Hierarchy.swift */; };
		9EB63E8D1FD988BB00DB5A67 /* IQUIViewController+Additions.swift in Sources */ = {isa = PBXBuildFile; fileRef = 9EB63E771FD988BB00DB5A67 /* IQUIViewController+Additions.swift */; };
		9EB63E8E1FD988BB00DB5A67 /* IQUIWindow+Hierarchy.swift in Sources */ = {isa = PBXBuildFile; fileRef = 9EB63E781FD988BB00DB5A67 /* IQUIWindow+Hierarchy.swift */; };
		9EB63E8F1FD988BB00DB5A67 /* IQKeyboardManagerConstants.swift in Sources */ = {isa = PBXBuildFile; fileRef = 9EB63E7A1FD988BB00DB5A67 /* IQKeyboardManagerConstants.swift */; };
		9EB63E901FD988BB00DB5A67 /* IQKeyboardManagerConstantsInternal.swift in Sources */ = {isa = PBXBuildFile; fileRef = 9EB63E7B1FD988BB00DB5A67 /* IQKeyboardManagerConstantsInternal.swift */; };
		9EB63E911FD988BB00DB5A67 /* IQKeyboardManager.swift in Sources */ = {isa = PBXBuildFile; fileRef = 9EB63E7C1FD988BB00DB5A67 /* IQKeyboardManager.swift */; };
		9EB63E921FD988BB00DB5A67 /* IQKeyboardReturnKeyHandler.swift in Sources */ = {isa = PBXBuildFile; fileRef = 9EB63E7E1FD988BB00DB5A67 /* IQKeyboardReturnKeyHandler.swift */; };
		9EB63E931FD988BB00DB5A67 /* IQTextView.swift in Sources */ = {isa = PBXBuildFile; fileRef = 9EB63E801FD988BB00DB5A67 /* IQTextView.swift */; };
		9EB63E941FD988BB00DB5A67 /* IQBarButtonItem.swift in Sources */ = {isa = PBXBuildFile; fileRef = 9EB63E821FD988BB00DB5A67 /* IQBarButtonItem.swift */; };
		9EB63E951FD988BB00DB5A67 /* IQPreviousNextView.swift in Sources */ = {isa = PBXBuildFile; fileRef = 9EB63E831FD988BB00DB5A67 /* IQPreviousNextView.swift */; };
		9EB63E961FD988BB00DB5A67 /* IQTitleBarButtonItem.swift in Sources */ = {isa = PBXBuildFile; fileRef = 9EB63E841FD988BB00DB5A67 /* IQTitleBarButtonItem.swift */; };
		9EB63E971FD988BB00DB5A67 /* IQToolbar.swift in Sources */ = {isa = PBXBuildFile; fileRef = 9EB63E851FD988BB00DB5A67 /* IQToolbar.swift */; };
		9EB63E981FD988BB00DB5A67 /* IQUIView+IQKeyboardToolbar.swift in Sources */ = {isa = PBXBuildFile; fileRef = 9EB63E861FD988BB00DB5A67 /* IQUIView+IQKeyboardToolbar.swift */; };
		9EB63E991FD988BB00DB5A67 /* IQKeyboardManager.bundle in Resources */ = {isa = PBXBuildFile; fileRef = 9EB63E881FD988BB00DB5A67 /* IQKeyboardManager.bundle */; };
		B79FFBAA1FDA982D00739EA5 /* Files+CoreDataClass.swift in Sources */ = {isa = PBXBuildFile; fileRef = B79FFB921FDA982D00739EA5 /* Files+CoreDataClass.swift */; };
		B79FFBAB1FDA982D00739EA5 /* Files+CoreDataProperties.swift in Sources */ = {isa = PBXBuildFile; fileRef = B79FFB931FDA982D00739EA5 /* Files+CoreDataProperties.swift */; };
		B79FFBAC1FDA982D00739EA5 /* Customer+CoreDataClass.swift in Sources */ = {isa = PBXBuildFile; fileRef = B79FFB941FDA982D00739EA5 /* Customer+CoreDataClass.swift */; };
		B79FFBAD1FDA982D00739EA5 /* Customer+CoreDataProperties.swift in Sources */ = {isa = PBXBuildFile; fileRef = B79FFB951FDA982D00739EA5 /* Customer+CoreDataProperties.swift */; };
		B79FFBAE1FDA982D00739EA5 /* Object+CoreDataClass.swift in Sources */ = {isa = PBXBuildFile; fileRef = B79FFB961FDA982D00739EA5 /* Object+CoreDataClass.swift */; };
		B79FFBAF1FDA982D00739EA5 /* Object+CoreDataProperties.swift in Sources */ = {isa = PBXBuildFile; fileRef = B79FFB971FDA982D00739EA5 /* Object+CoreDataProperties.swift */; };
		B79FFBB01FDA982D00739EA5 /* Contact+CoreDataClass.swift in Sources */ = {isa = PBXBuildFile; fileRef = B79FFB981FDA982D00739EA5 /* Contact+CoreDataClass.swift */; };
		B79FFBB11FDA982D00739EA5 /* Contact+CoreDataProperties.swift in Sources */ = {isa = PBXBuildFile; fileRef = B79FFB991FDA982D00739EA5 /* Contact+CoreDataProperties.swift */; };
		B79FFBB21FDA982D00739EA5 /* Project+CoreDataClass.swift in Sources */ = {isa = PBXBuildFile; fileRef = B79FFB9A1FDA982D00739EA5 /* Project+CoreDataClass.swift */; };
		B79FFBB31FDA982D00739EA5 /* Project+CoreDataProperties.swift in Sources */ = {isa = PBXBuildFile; fileRef = B79FFB9B1FDA982D00739EA5 /* Project+CoreDataProperties.swift */; };
		B79FFBB41FDA982D00739EA5 /* Type+CoreDataClass.swift in Sources */ = {isa = PBXBuildFile; fileRef = B79FFB9C1FDA982D00739EA5 /* Type+CoreDataClass.swift */; };
		B79FFBB51FDA982D00739EA5 /* Type+CoreDataProperties.swift in Sources */ = {isa = PBXBuildFile; fileRef = B79FFB9D1FDA982D00739EA5 /* Type+CoreDataProperties.swift */; };
		B79FFBB61FDA982D00739EA5 /* Address+CoreDataClass.swift in Sources */ = {isa = PBXBuildFile; fileRef = B79FFB9E1FDA982D00739EA5 /* Address+CoreDataClass.swift */; };
		B79FFBB71FDA982D00739EA5 /* Address+CoreDataProperties.swift in Sources */ = {isa = PBXBuildFile; fileRef = B79FFB9F1FDA982D00739EA5 /* Address+CoreDataProperties.swift */; };
		B79FFBB81FDA982D00739EA5 /* Job+CoreDataClass.swift in Sources */ = {isa = PBXBuildFile; fileRef = B79FFBA01FDA982D00739EA5 /* Job+CoreDataClass.swift */; };
		B79FFBB91FDA982D00739EA5 /* Job+CoreDataProperties.swift in Sources */ = {isa = PBXBuildFile; fileRef = B79FFBA11FDA982D00739EA5 /* Job+CoreDataProperties.swift */; };
		B79FFBBA1FDA982D00739EA5 /* Material+CoreDataClass.swift in Sources */ = {isa = PBXBuildFile; fileRef = B79FFBA21FDA982D00739EA5 /* Material+CoreDataClass.swift */; };
		B79FFBBB1FDA982D00739EA5 /* Material+CoreDataProperties.swift in Sources */ = {isa = PBXBuildFile; fileRef = B79FFBA31FDA982D00739EA5 /* Material+CoreDataProperties.swift */; };
		B79FFBBC1FDA982D00739EA5 /* Order+CoreDataClass.swift in Sources */ = {isa = PBXBuildFile; fileRef = B79FFBA41FDA982D00739EA5 /* Order+CoreDataClass.swift */; };
		B79FFBBD1FDA982D00739EA5 /* Order+CoreDataProperties.swift in Sources */ = {isa = PBXBuildFile; fileRef = B79FFBA51FDA982D00739EA5 /* Order+CoreDataProperties.swift */; };
		B79FFBBE1FDA982E00739EA5 /* Expense+CoreDataClass.swift in Sources */ = {isa = PBXBuildFile; fileRef = B79FFBA61FDA982D00739EA5 /* Expense+CoreDataClass.swift */; };
		B79FFBBF1FDA982E00739EA5 /* Expense+CoreDataProperties.swift in Sources */ = {isa = PBXBuildFile; fileRef = B79FFBA71FDA982D00739EA5 /* Expense+CoreDataProperties.swift */; };
		B79FFBC01FDA982E00739EA5 /* User+CoreDataClass.swift in Sources */ = {isa = PBXBuildFile; fileRef = B79FFBA81FDA982D00739EA5 /* User+CoreDataClass.swift */; };
		B79FFBC11FDA982E00739EA5 /* User+CoreDataProperties.swift in Sources */ = {isa = PBXBuildFile; fileRef = B79FFBA91FDA982D00739EA5 /* User+CoreDataProperties.swift */; };
		B7B42B1C1FDA87D1001F404C /* Extensions.swift in Sources */ = {isa = PBXBuildFile; fileRef = B7B42B1B1FDA87D1001F404C /* Extensions.swift */; };
		B7E358CB1FD53F6C006256FC /* AppDelegate.swift in Sources */ = {isa = PBXBuildFile; fileRef = B7E358CA1FD53F6C006256FC /* AppDelegate.swift */; };
		B7E358D31FD53F6C006256FC /* EasyTime.xcdatamodeld in Sources */ = {isa = PBXBuildFile; fileRef = B7E358D11FD53F6C006256FC /* EasyTime.xcdatamodeld */; };
		B7E358D51FD53F6C006256FC /* Assets.xcassets in Resources */ = {isa = PBXBuildFile; fileRef = B7E358D41FD53F6C006256FC /* Assets.xcassets */; };
		B7E358D81FD53F6C006256FC /* LaunchScreen.storyboard in Resources */ = {isa = PBXBuildFile; fileRef = B7E358D61FD53F6C006256FC /* LaunchScreen.storyboard */; };
		B7E358FA1FD9350F006256FC /* Constants.swift in Sources */ = {isa = PBXBuildFile; fileRef = B7E358F81FD9350F006256FC /* Constants.swift */; };
		B7E358FC1FD93524006256FC /* DataHelper.swift in Sources */ = {isa = PBXBuildFile; fileRef = B7E358FB1FD93524006256FC /* DataHelper.swift */; };
		B7E358FF1FD93710006256FC /* ETTabBarViewController.swift in Sources */ = {isa = PBXBuildFile; fileRef = B7E358FD1FD93710006256FC /* ETTabBarViewController.swift */; };
		B7E359081FD93C81006256FC /* ETBaseViewController.swift in Sources */ = {isa = PBXBuildFile; fileRef = B7E359071FD93C81006256FC /* ETBaseViewController.swift */; };
		B7E3590B1FD93C9A006256FC /* ETSettingsViewController.swift in Sources */ = {isa = PBXBuildFile; fileRef = B7E359091FD93C9A006256FC /* ETSettingsViewController.swift */; };
		B7E3590C1FD93C9A006256FC /* ETSettingsViewController.xib in Resources */ = {isa = PBXBuildFile; fileRef = B7E3590A1FD93C9A006256FC /* ETSettingsViewController.xib */; };
		B7E3590F1FD93CB4006256FC /* ETClientsViewController.swift in Sources */ = {isa = PBXBuildFile; fileRef = B7E3590D1FD93CB4006256FC /* ETClientsViewController.swift */; };
		B7E359101FD93CB4006256FC /* ETClientsViewController.xib in Resources */ = {isa = PBXBuildFile; fileRef = B7E3590E1FD93CB4006256FC /* ETClientsViewController.xib */; };
		B7E359131FD93CC6006256FC /* ETMaterialsViewController.swift in Sources */ = {isa = PBXBuildFile; fileRef = B7E359111FD93CC6006256FC /* ETMaterialsViewController.swift */; };
		B7E359141FD93CC6006256FC /* ETMaterialsViewController.xib in Resources */ = {isa = PBXBuildFile; fileRef = B7E359121FD93CC6006256FC /* ETMaterialsViewController.xib */; };
		B7E359171FD93CD5006256FC /* ETProjectsViewController.swift in Sources */ = {isa = PBXBuildFile; fileRef = B7E359151FD93CD5006256FC /* ETProjectsViewController.swift */; };
		B7E359181FD93CD5006256FC /* ETProjectsViewController.xib in Resources */ = {isa = PBXBuildFile; fileRef = B7E359161FD93CD5006256FC /* ETProjectsViewController.xib */; };
/* End PBXBuildFile section */

/* Begin PBXFileReference section */
		9E20C48C1FD96A47007A040E /* Authenticator.swift */ = {isa = PBXFileReference; lastKnownFileType = sourcecode.swift; path = Authenticator.swift; sourceTree = "<group>"; };
		9E20C48E1FD97860007A040E /* ETLoginViewModel.swift */ = {isa = PBXFileReference; lastKnownFileType = sourcecode.swift; path = ETLoginViewModel.swift; sourceTree = "<group>"; };
		9E4A173B1FD966EE00808EF9 /* ETRootViewController.swift */ = {isa = PBXFileReference; lastKnownFileType = sourcecode.swift; path = ETRootViewController.swift; sourceTree = "<group>"; };
		9E4A173C1FD966EE00808EF9 /* ETRootViewController.xib */ = {isa = PBXFileReference; lastKnownFileType = file.xib; path = ETRootViewController.xib; sourceTree = "<group>"; };
		9E4A173F1FD9670200808EF9 /* ETLoginViewController.swift */ = {isa = PBXFileReference; lastKnownFileType = sourcecode.swift; path = ETLoginViewController.swift; sourceTree = "<group>"; };
		9E4A17401FD9670200808EF9 /* ETLoginViewController.xib */ = {isa = PBXFileReference; lastKnownFileType = file.xib; path = ETLoginViewController.xib; sourceTree = "<group>"; };
		9EB63E731FD988BB00DB5A67 /* IQNSArray+Sort.swift */ = {isa = PBXFileReference; fileEncoding = 4; lastKnownFileType = sourcecode.swift; path = "IQNSArray+Sort.swift"; sourceTree = "<group>"; };
		9EB63E741FD988BB00DB5A67 /* IQUIScrollView+Additions.swift */ = {isa = PBXFileReference; fileEncoding = 4; lastKnownFileType = sourcecode.swift; path = "IQUIScrollView+Additions.swift"; sourceTree = "<group>"; };
		9EB63E751FD988BB00DB5A67 /* IQUITextFieldView+Additions.swift */ = {isa = PBXFileReference; fileEncoding = 4; lastKnownFileType = sourcecode.swift; path = "IQUITextFieldView+Additions.swift"; sourceTree = "<group>"; };
		9EB63E761FD988BB00DB5A67 /* IQUIView+Hierarchy.swift */ = {isa = PBXFileReference; fileEncoding = 4; lastKnownFileType = sourcecode.swift; path = "IQUIView+Hierarchy.swift"; sourceTree = "<group>"; };
		9EB63E771FD988BB00DB5A67 /* IQUIViewController+Additions.swift */ = {isa = PBXFileReference; fileEncoding = 4; lastKnownFileType = sourcecode.swift; path = "IQUIViewController+Additions.swift"; sourceTree = "<group>"; };
		9EB63E781FD988BB00DB5A67 /* IQUIWindow+Hierarchy.swift */ = {isa = PBXFileReference; fileEncoding = 4; lastKnownFileType = sourcecode.swift; path = "IQUIWindow+Hierarchy.swift"; sourceTree = "<group>"; };
		9EB63E7A1FD988BB00DB5A67 /* IQKeyboardManagerConstants.swift */ = {isa = PBXFileReference; fileEncoding = 4; lastKnownFileType = sourcecode.swift; path = IQKeyboardManagerConstants.swift; sourceTree = "<group>"; };
		9EB63E7B1FD988BB00DB5A67 /* IQKeyboardManagerConstantsInternal.swift */ = {isa = PBXFileReference; fileEncoding = 4; lastKnownFileType = sourcecode.swift; path = IQKeyboardManagerConstantsInternal.swift; sourceTree = "<group>"; };
		9EB63E7C1FD988BB00DB5A67 /* IQKeyboardManager.swift */ = {isa = PBXFileReference; fileEncoding = 4; lastKnownFileType = sourcecode.swift; path = IQKeyboardManager.swift; sourceTree = "<group>"; };
		9EB63E7D1FD988BB00DB5A67 /* IQKeyboardManagerSwift.h */ = {isa = PBXFileReference; fileEncoding = 4; lastKnownFileType = sourcecode.c.h; path = IQKeyboardManagerSwift.h; sourceTree = "<group>"; };
		9EB63E7E1FD988BB00DB5A67 /* IQKeyboardReturnKeyHandler.swift */ = {isa = PBXFileReference; fileEncoding = 4; lastKnownFileType = sourcecode.swift; path = IQKeyboardReturnKeyHandler.swift; sourceTree = "<group>"; };
		9EB63E801FD988BB00DB5A67 /* IQTextView.swift */ = {isa = PBXFileReference; fileEncoding = 4; lastKnownFileType = sourcecode.swift; path = IQTextView.swift; sourceTree = "<group>"; };
		9EB63E821FD988BB00DB5A67 /* IQBarButtonItem.swift */ = {isa = PBXFileReference; fileEncoding = 4; lastKnownFileType = sourcecode.swift; path = IQBarButtonItem.swift; sourceTree = "<group>"; };
		9EB63E831FD988BB00DB5A67 /* IQPreviousNextView.swift */ = {isa = PBXFileReference; fileEncoding = 4; lastKnownFileType = sourcecode.swift; path = IQPreviousNextView.swift; sourceTree = "<group>"; };
		9EB63E841FD988BB00DB5A67 /* IQTitleBarButtonItem.swift */ = {isa = PBXFileReference; fileEncoding = 4; lastKnownFileType = sourcecode.swift; path = IQTitleBarButtonItem.swift; sourceTree = "<group>"; };
		9EB63E851FD988BB00DB5A67 /* IQToolbar.swift */ = {isa = PBXFileReference; fileEncoding = 4; lastKnownFileType = sourcecode.swift; path = IQToolbar.swift; sourceTree = "<group>"; };
		9EB63E861FD988BB00DB5A67 /* IQUIView+IQKeyboardToolbar.swift */ = {isa = PBXFileReference; fileEncoding = 4; lastKnownFileType = sourcecode.swift; path = "IQUIView+IQKeyboardToolbar.swift"; sourceTree = "<group>"; };
		9EB63E881FD988BB00DB5A67 /* IQKeyboardManager.bundle */ = {isa = PBXFileReference; lastKnownFileType = "wrapper.plug-in"; path = IQKeyboardManager.bundle; sourceTree = "<group>"; };
		B79FFB921FDA982D00739EA5 /* Files+CoreDataClass.swift */ = {isa = PBXFileReference; lastKnownFileType = sourcecode.swift; path = "Files+CoreDataClass.swift"; sourceTree = "<group>"; };
		B79FFB931FDA982D00739EA5 /* Files+CoreDataProperties.swift */ = {isa = PBXFileReference; lastKnownFileType = sourcecode.swift; path = "Files+CoreDataProperties.swift"; sourceTree = "<group>"; };
		B79FFB941FDA982D00739EA5 /* Customer+CoreDataClass.swift */ = {isa = PBXFileReference; lastKnownFileType = sourcecode.swift; path = "Customer+CoreDataClass.swift"; sourceTree = "<group>"; };
		B79FFB951FDA982D00739EA5 /* Customer+CoreDataProperties.swift */ = {isa = PBXFileReference; lastKnownFileType = sourcecode.swift; path = "Customer+CoreDataProperties.swift"; sourceTree = "<group>"; };
		B79FFB961FDA982D00739EA5 /* Object+CoreDataClass.swift */ = {isa = PBXFileReference; lastKnownFileType = sourcecode.swift; path = "Object+CoreDataClass.swift"; sourceTree = "<group>"; };
		B79FFB971FDA982D00739EA5 /* Object+CoreDataProperties.swift */ = {isa = PBXFileReference; lastKnownFileType = sourcecode.swift; path = "Object+CoreDataProperties.swift"; sourceTree = "<group>"; };
		B79FFB981FDA982D00739EA5 /* Contact+CoreDataClass.swift */ = {isa = PBXFileReference; lastKnownFileType = sourcecode.swift; path = "Contact+CoreDataClass.swift"; sourceTree = "<group>"; };
		B79FFB991FDA982D00739EA5 /* Contact+CoreDataProperties.swift */ = {isa = PBXFileReference; lastKnownFileType = sourcecode.swift; path = "Contact+CoreDataProperties.swift"; sourceTree = "<group>"; };
		B79FFB9A1FDA982D00739EA5 /* Project+CoreDataClass.swift */ = {isa = PBXFileReference; lastKnownFileType = sourcecode.swift; path = "Project+CoreDataClass.swift"; sourceTree = "<group>"; };
		B79FFB9B1FDA982D00739EA5 /* Project+CoreDataProperties.swift */ = {isa = PBXFileReference; lastKnownFileType = sourcecode.swift; path = "Project+CoreDataProperties.swift"; sourceTree = "<group>"; };
		B79FFB9C1FDA982D00739EA5 /* Type+CoreDataClass.swift */ = {isa = PBXFileReference; lastKnownFileType = sourcecode.swift; path = "Type+CoreDataClass.swift"; sourceTree = "<group>"; };
		B79FFB9D1FDA982D00739EA5 /* Type+CoreDataProperties.swift */ = {isa = PBXFileReference; lastKnownFileType = sourcecode.swift; path = "Type+CoreDataProperties.swift"; sourceTree = "<group>"; };
		B79FFB9E1FDA982D00739EA5 /* Address+CoreDataClass.swift */ = {isa = PBXFileReference; lastKnownFileType = sourcecode.swift; path = "Address+CoreDataClass.swift"; sourceTree = "<group>"; };
		B79FFB9F1FDA982D00739EA5 /* Address+CoreDataProperties.swift */ = {isa = PBXFileReference; lastKnownFileType = sourcecode.swift; path = "Address+CoreDataProperties.swift"; sourceTree = "<group>"; };
		B79FFBA01FDA982D00739EA5 /* Job+CoreDataClass.swift */ = {isa = PBXFileReference; lastKnownFileType = sourcecode.swift; path = "Job+CoreDataClass.swift"; sourceTree = "<group>"; };
		B79FFBA11FDA982D00739EA5 /* Job+CoreDataProperties.swift */ = {isa = PBXFileReference; lastKnownFileType = sourcecode.swift; path = "Job+CoreDataProperties.swift"; sourceTree = "<group>"; };
		B79FFBA21FDA982D00739EA5 /* Material+CoreDataClass.swift */ = {isa = PBXFileReference; lastKnownFileType = sourcecode.swift; path = "Material+CoreDataClass.swift"; sourceTree = "<group>"; };
		B79FFBA31FDA982D00739EA5 /* Material+CoreDataProperties.swift */ = {isa = PBXFileReference; lastKnownFileType = sourcecode.swift; path = "Material+CoreDataProperties.swift"; sourceTree = "<group>"; };
		B79FFBA41FDA982D00739EA5 /* Order+CoreDataClass.swift */ = {isa = PBXFileReference; lastKnownFileType = sourcecode.swift; path = "Order+CoreDataClass.swift"; sourceTree = "<group>"; };
		B79FFBA51FDA982D00739EA5 /* Order+CoreDataProperties.swift */ = {isa = PBXFileReference; lastKnownFileType = sourcecode.swift; path = "Order+CoreDataProperties.swift"; sourceTree = "<group>"; };
		B79FFBA61FDA982D00739EA5 /* Expense+CoreDataClass.swift */ = {isa = PBXFileReference; lastKnownFileType = sourcecode.swift; path = "Expense+CoreDataClass.swift"; sourceTree = "<group>"; };
		B79FFBA71FDA982D00739EA5 /* Expense+CoreDataProperties.swift */ = {isa = PBXFileReference; lastKnownFileType = sourcecode.swift; path = "Expense+CoreDataProperties.swift"; sourceTree = "<group>"; };
		B79FFBA81FDA982D00739EA5 /* User+CoreDataClass.swift */ = {isa = PBXFileReference; lastKnownFileType = sourcecode.swift; path = "User+CoreDataClass.swift"; sourceTree = "<group>"; };
		B79FFBA91FDA982D00739EA5 /* User+CoreDataProperties.swift */ = {isa = PBXFileReference; lastKnownFileType = sourcecode.swift; path = "User+CoreDataProperties.swift"; sourceTree = "<group>"; };
		B7B42B1B1FDA87D1001F404C /* Extensions.swift */ = {isa = PBXFileReference; fileEncoding = 4; lastKnownFileType = sourcecode.swift; path = Extensions.swift; sourceTree = "<group>"; };
		B7E358C71FD53F6C006256FC /* EasyTime.app */ = {isa = PBXFileReference; explicitFileType = wrapper.application; includeInIndex = 0; path = EasyTime.app; sourceTree = BUILT_PRODUCTS_DIR; };
		B7E358CA1FD53F6C006256FC /* AppDelegate.swift */ = {isa = PBXFileReference; lastKnownFileType = sourcecode.swift; path = AppDelegate.swift; sourceTree = "<group>"; };
		B7E358D21FD53F6C006256FC /* EasyTime.xcdatamodel */ = {isa = PBXFileReference; lastKnownFileType = wrapper.xcdatamodel; path = EasyTime.xcdatamodel; sourceTree = "<group>"; };
		B7E358D41FD53F6C006256FC /* Assets.xcassets */ = {isa = PBXFileReference; lastKnownFileType = folder.assetcatalog; path = Assets.xcassets; sourceTree = "<group>"; };
		B7E358D71FD53F6C006256FC /* Base */ = {isa = PBXFileReference; lastKnownFileType = file.storyboard; name = Base; path = Base.lproj/LaunchScreen.storyboard; sourceTree = "<group>"; };
		B7E358D91FD53F6C006256FC /* Info.plist */ = {isa = PBXFileReference; lastKnownFileType = text.plist.xml; path = Info.plist; sourceTree = "<group>"; };
		B7E358F81FD9350F006256FC /* Constants.swift */ = {isa = PBXFileReference; fileEncoding = 4; lastKnownFileType = sourcecode.swift; path = Constants.swift; sourceTree = "<group>"; };
		B7E358FB1FD93524006256FC /* DataHelper.swift */ = {isa = PBXFileReference; fileEncoding = 4; lastKnownFileType = sourcecode.swift; path = DataHelper.swift; sourceTree = "<group>"; };
		B7E358FD1FD93710006256FC /* ETTabBarViewController.swift */ = {isa = PBXFileReference; lastKnownFileType = sourcecode.swift; path = ETTabBarViewController.swift; sourceTree = "<group>"; };
		B7E359071FD93C81006256FC /* ETBaseViewController.swift */ = {isa = PBXFileReference; lastKnownFileType = sourcecode.swift; path = ETBaseViewController.swift; sourceTree = "<group>"; };
		B7E359091FD93C9A006256FC /* ETSettingsViewController.swift */ = {isa = PBXFileReference; lastKnownFileType = sourcecode.swift; path = ETSettingsViewController.swift; sourceTree = "<group>"; };
		B7E3590A1FD93C9A006256FC /* ETSettingsViewController.xib */ = {isa = PBXFileReference; lastKnownFileType = file.xib; path = ETSettingsViewController.xib; sourceTree = "<group>"; };
		B7E3590D1FD93CB4006256FC /* ETClientsViewController.swift */ = {isa = PBXFileReference; lastKnownFileType = sourcecode.swift; path = ETClientsViewController.swift; sourceTree = "<group>"; };
		B7E3590E1FD93CB4006256FC /* ETClientsViewController.xib */ = {isa = PBXFileReference; lastKnownFileType = file.xib; path = ETClientsViewController.xib; sourceTree = "<group>"; };
		B7E359111FD93CC6006256FC /* ETMaterialsViewController.swift */ = {isa = PBXFileReference; lastKnownFileType = sourcecode.swift; path = ETMaterialsViewController.swift; sourceTree = "<group>"; };
		B7E359121FD93CC6006256FC /* ETMaterialsViewController.xib */ = {isa = PBXFileReference; lastKnownFileType = file.xib; path = ETMaterialsViewController.xib; sourceTree = "<group>"; };
		B7E359151FD93CD5006256FC /* ETProjectsViewController.swift */ = {isa = PBXFileReference; lastKnownFileType = sourcecode.swift; path = ETProjectsViewController.swift; sourceTree = "<group>"; };
		B7E359161FD93CD5006256FC /* ETProjectsViewController.xib */ = {isa = PBXFileReference; lastKnownFileType = file.xib; path = ETProjectsViewController.xib; sourceTree = "<group>"; };
/* End PBXFileReference section */

/* Begin PBXFrameworksBuildPhase section */
		B7E358C41FD53F6C006256FC /* Frameworks */ = {
			isa = PBXFrameworksBuildPhase;
			buildActionMask = 2147483647;
			files = (
			);
			runOnlyForDeploymentPostprocessing = 0;
		};
/* End PBXFrameworksBuildPhase section */

/* Begin PBXGroup section */
		9E4A17391FD966A500808EF9 /* LoginVC */ = {
			isa = PBXGroup;
			children = (
				9E4A173F1FD9670200808EF9 /* ETLoginViewController.swift */,
				9E4A17401FD9670200808EF9 /* ETLoginViewController.xib */,
				9E20C48E1FD97860007A040E /* ETLoginViewModel.swift */,
			);
			path = LoginVC;
			sourceTree = "<group>";
		};
		9E4A173A1FD966A600808EF9 /* RootVC */ = {
			isa = PBXGroup;
			children = (
				9E4A173B1FD966EE00808EF9 /* ETRootViewController.swift */,
				9E4A173C1FD966EE00808EF9 /* ETRootViewController.xib */,
			);
			path = RootVC;
			sourceTree = "<group>";
		};
		9EB63E701FD988BB00DB5A67 /* Frameworks */ = {
			isa = PBXGroup;
			children = (
				9EB63E711FD988BB00DB5A67 /* IQKeyboardManagerSwift */,
			);
			path = Frameworks;
			sourceTree = "<group>";
		};
		9EB63E711FD988BB00DB5A67 /* IQKeyboardManagerSwift */ = {
			isa = PBXGroup;
			children = (
				9EB63E721FD988BB00DB5A67 /* Categories */,
				9EB63E791FD988BB00DB5A67 /* Constants */,
				9EB63E7C1FD988BB00DB5A67 /* IQKeyboardManager.swift */,
				9EB63E7D1FD988BB00DB5A67 /* IQKeyboardManagerSwift.h */,
				9EB63E7E1FD988BB00DB5A67 /* IQKeyboardReturnKeyHandler.swift */,
				9EB63E7F1FD988BB00DB5A67 /* IQTextView */,
				9EB63E811FD988BB00DB5A67 /* IQToolbar */,
				9EB63E871FD988BB00DB5A67 /* Resources */,
			);
			path = IQKeyboardManagerSwift;
			sourceTree = "<group>";
		};
		9EB63E721FD988BB00DB5A67 /* Categories */ = {
			isa = PBXGroup;
			children = (
				9EB63E731FD988BB00DB5A67 /* IQNSArray+Sort.swift */,
				9EB63E741FD988BB00DB5A67 /* IQUIScrollView+Additions.swift */,
				9EB63E751FD988BB00DB5A67 /* IQUITextFieldView+Additions.swift */,
				9EB63E761FD988BB00DB5A67 /* IQUIView+Hierarchy.swift */,
				9EB63E771FD988BB00DB5A67 /* IQUIViewController+Additions.swift */,
				9EB63E781FD988BB00DB5A67 /* IQUIWindow+Hierarchy.swift */,
			);
			path = Categories;
			sourceTree = "<group>";
		};
		9EB63E791FD988BB00DB5A67 /* Constants */ = {
			isa = PBXGroup;
			children = (
				9EB63E7A1FD988BB00DB5A67 /* IQKeyboardManagerConstants.swift */,
				9EB63E7B1FD988BB00DB5A67 /* IQKeyboardManagerConstantsInternal.swift */,
			);
			path = Constants;
			sourceTree = "<group>";
		};
		9EB63E7F1FD988BB00DB5A67 /* IQTextView */ = {
			isa = PBXGroup;
			children = (
				9EB63E801FD988BB00DB5A67 /* IQTextView.swift */,
			);
			path = IQTextView;
			sourceTree = "<group>";
		};
		9EB63E811FD988BB00DB5A67 /* IQToolbar */ = {
			isa = PBXGroup;
			children = (
				9EB63E821FD988BB00DB5A67 /* IQBarButtonItem.swift */,
				9EB63E831FD988BB00DB5A67 /* IQPreviousNextView.swift */,
				9EB63E841FD988BB00DB5A67 /* IQTitleBarButtonItem.swift */,
				9EB63E851FD988BB00DB5A67 /* IQToolbar.swift */,
				9EB63E861FD988BB00DB5A67 /* IQUIView+IQKeyboardToolbar.swift */,
			);
			path = IQToolbar;
			sourceTree = "<group>";
		};
		9EB63E871FD988BB00DB5A67 /* Resources */ = {
			isa = PBXGroup;
			children = (
				9EB63E881FD988BB00DB5A67 /* IQKeyboardManager.bundle */,
			);
			path = Resources;
			sourceTree = "<group>";
		};
		B7E358BE1FD53F6C006256FC = {
			isa = PBXGroup;
			children = (
				B7E358C91FD53F6C006256FC /* EasyTime */,
				B7E358C81FD53F6C006256FC /* Products */,
			);
			sourceTree = "<group>";
		};
		B7E358C81FD53F6C006256FC /* Products */ = {
			isa = PBXGroup;
			children = (
				B7E358C71FD53F6C006256FC /* EasyTime.app */,
			);
			name = Products;
			sourceTree = "<group>";
		};
		B7E358C91FD53F6C006256FC /* EasyTime */ = {
			isa = PBXGroup;
			children = (
				B7E358F51FD934A1006256FC /* General */,
				9EB63E701FD988BB00DB5A67 /* Frameworks */,
				B7E358F11FD933C2006256FC /* DAL */,
				B7E358F41FD93407006256FC /* ViewControllers */,
				B7E358CA1FD53F6C006256FC /* AppDelegate.swift */,
				B7E358D41FD53F6C006256FC /* Assets.xcassets */,
				B7E358D61FD53F6C006256FC /* LaunchScreen.storyboard */,
				B7E358D91FD53F6C006256FC /* Info.plist */,
			);
			path = EasyTime;
			sourceTree = "<group>";
		};
		B7E358F11FD933C2006256FC /* DAL */ = {
			isa = PBXGroup;
			children = (
				9E20C48C1FD96A47007A040E /* Authenticator.swift */,
				B7E358F21FD933E6006256FC /* Entities */,
				B7E358FB1FD93524006256FC /* DataHelper.swift */,
				B7E358D11FD53F6C006256FC /* EasyTime.xcdatamodeld */,
			);
			path = DAL;
			sourceTree = "<group>";
		};
		B7E358F21FD933E6006256FC /* Entities */ = {
			isa = PBXGroup;
			children = (
				B79FFB921FDA982D00739EA5 /* Files+CoreDataClass.swift */,
				B79FFB931FDA982D00739EA5 /* Files+CoreDataProperties.swift */,
				B79FFB941FDA982D00739EA5 /* Customer+CoreDataClass.swift */,
				B79FFB951FDA982D00739EA5 /* Customer+CoreDataProperties.swift */,
				B79FFB961FDA982D00739EA5 /* Object+CoreDataClass.swift */,
				B79FFB971FDA982D00739EA5 /* Object+CoreDataProperties.swift */,
				B79FFB981FDA982D00739EA5 /* Contact+CoreDataClass.swift */,
				B79FFB991FDA982D00739EA5 /* Contact+CoreDataProperties.swift */,
				B79FFB9A1FDA982D00739EA5 /* Project+CoreDataClass.swift */,
				B79FFB9B1FDA982D00739EA5 /* Project+CoreDataProperties.swift */,
				B79FFB9C1FDA982D00739EA5 /* Type+CoreDataClass.swift */,
				B79FFB9D1FDA982D00739EA5 /* Type+CoreDataProperties.swift */,
				B79FFB9E1FDA982D00739EA5 /* Address+CoreDataClass.swift */,
				B79FFB9F1FDA982D00739EA5 /* Address+CoreDataProperties.swift */,
				B79FFBA01FDA982D00739EA5 /* Job+CoreDataClass.swift */,
				B79FFBA11FDA982D00739EA5 /* Job+CoreDataProperties.swift */,
				B79FFBA21FDA982D00739EA5 /* Material+CoreDataClass.swift */,
				B79FFBA31FDA982D00739EA5 /* Material+CoreDataProperties.swift */,
				B79FFBA41FDA982D00739EA5 /* Order+CoreDataClass.swift */,
				B79FFBA51FDA982D00739EA5 /* Order+CoreDataProperties.swift */,
				B79FFBA61FDA982D00739EA5 /* Expense+CoreDataClass.swift */,
				B79FFBA71FDA982D00739EA5 /* Expense+CoreDataProperties.swift */,
				B79FFBA81FDA982D00739EA5 /* User+CoreDataClass.swift */,
				B79FFBA91FDA982D00739EA5 /* User+CoreDataProperties.swift */,
			);
			path = Entities;
			sourceTree = "<group>";
		};
		B7E358F41FD93407006256FC /* ViewControllers */ = {
			isa = PBXGroup;
			children = (
				B7E359031FD93BE5006256FC /* ClientsVC */,
				B7E359051FD93C2D006256FC /* GeneralVC */,
				9E4A17391FD966A500808EF9 /* LoginVC */,
				B7E359021FD93BD7006256FC /* MaterialsVC */,
				B7E359011FD93BCC006256FC /* ProjectsVC */,
				9E4A173A1FD966A600808EF9 /* RootVC */,
				B7E359041FD93BEE006256FC /* SettingsVC */,
			);
			path = ViewControllers;
			sourceTree = "<group>";
		};
		B7E358F51FD934A1006256FC /* General */ = {
			isa = PBXGroup;
			children = (
				B7B42B1B1FDA87D1001F404C /* Extensions.swift */,
				B7E358F81FD9350F006256FC /* Constants.swift */,
			);
			path = General;
			sourceTree = "<group>";
		};
		B7E359011FD93BCC006256FC /* ProjectsVC */ = {
			isa = PBXGroup;
			children = (
				B7E359151FD93CD5006256FC /* ETProjectsViewController.swift */,
				B7E359161FD93CD5006256FC /* ETProjectsViewController.xib */,
			);
			path = ProjectsVC;
			sourceTree = "<group>";
		};
		B7E359021FD93BD7006256FC /* MaterialsVC */ = {
			isa = PBXGroup;
			children = (
				B7E359111FD93CC6006256FC /* ETMaterialsViewController.swift */,
				B7E359121FD93CC6006256FC /* ETMaterialsViewController.xib */,
			);
			path = MaterialsVC;
			sourceTree = "<group>";
		};
		B7E359031FD93BE5006256FC /* ClientsVC */ = {
			isa = PBXGroup;
			children = (
				B7E3590D1FD93CB4006256FC /* ETClientsViewController.swift */,
				B7E3590E1FD93CB4006256FC /* ETClientsViewController.xib */,
			);
			path = ClientsVC;
			sourceTree = "<group>";
		};
		B7E359041FD93BEE006256FC /* SettingsVC */ = {
			isa = PBXGroup;
			children = (
				B7E359091FD93C9A006256FC /* ETSettingsViewController.swift */,
				B7E3590A1FD93C9A006256FC /* ETSettingsViewController.xib */,
			);
			path = SettingsVC;
			sourceTree = "<group>";
		};
		B7E359051FD93C2D006256FC /* GeneralVC */ = {
			isa = PBXGroup;
			children = (
				B7E359071FD93C81006256FC /* ETBaseViewController.swift */,
				B7E359061FD93C54006256FC /* TabBarVC */,
			);
			path = GeneralVC;
			sourceTree = "<group>";
		};
		B7E359061FD93C54006256FC /* TabBarVC */ = {
			isa = PBXGroup;
			children = (
				B7E358FD1FD93710006256FC /* ETTabBarViewController.swift */,
			);
			path = TabBarVC;
			sourceTree = "<group>";
		};
/* End PBXGroup section */

/* Begin PBXNativeTarget section */
		B7E358C61FD53F6C006256FC /* EasyTime */ = {
			isa = PBXNativeTarget;
			buildConfigurationList = B7E358DC1FD53F6C006256FC /* Build configuration list for PBXNativeTarget "EasyTime" */;
			buildPhases = (
				B7E358C31FD53F6C006256FC /* Sources */,
				B7E358C41FD53F6C006256FC /* Frameworks */,
				B7E358C51FD53F6C006256FC /* Resources */,
			);
			buildRules = (
			);
			dependencies = (
			);
			name = EasyTime;
			productName = EasyTime;
			productReference = B7E358C71FD53F6C006256FC /* EasyTime.app */;
			productType = "com.apple.product-type.application";
		};
/* End PBXNativeTarget section */

/* Begin PBXProject section */
		B7E358BF1FD53F6C006256FC /* Project object */ = {
			isa = PBXProject;
			attributes = {
				LastSwiftUpdateCheck = 0910;
				LastUpgradeCheck = 0910;
				ORGANIZATIONNAME = Mobexs;
				TargetAttributes = {
					B7E358C61FD53F6C006256FC = {
						CreatedOnToolsVersion = 9.1;
						ProvisioningStyle = Automatic;
					};
				};
			};
			buildConfigurationList = B7E358C21FD53F6C006256FC /* Build configuration list for PBXProject "EasyTime" */;
			compatibilityVersion = "Xcode 8.0";
			developmentRegion = en;
			hasScannedForEncodings = 0;
			knownRegions = (
				en,
				Base,
			);
			mainGroup = B7E358BE1FD53F6C006256FC;
			productRefGroup = B7E358C81FD53F6C006256FC /* Products */;
			projectDirPath = "";
			projectRoot = "";
			targets = (
				B7E358C61FD53F6C006256FC /* EasyTime */,
			);
		};
/* End PBXProject section */

/* Begin PBXResourcesBuildPhase section */
		B7E358C51FD53F6C006256FC /* Resources */ = {
			isa = PBXResourcesBuildPhase;
			buildActionMask = 2147483647;
			files = (
				B7E359101FD93CB4006256FC /* ETClientsViewController.xib in Resources */,
				B7E358D81FD53F6C006256FC /* LaunchScreen.storyboard in Resources */,
				B7E359141FD93CC6006256FC /* ETMaterialsViewController.xib in Resources */,
				9E4A17421FD9670200808EF9 /* ETLoginViewController.xib in Resources */,
				B7E359181FD93CD5006256FC /* ETProjectsViewController.xib in Resources */,
				B7E3590C1FD93C9A006256FC /* ETSettingsViewController.xib in Resources */,
				9E4A173E1FD966EE00808EF9 /* ETRootViewController.xib in Resources */,
				B7E358D51FD53F6C006256FC /* Assets.xcassets in Resources */,
				9EB63E991FD988BB00DB5A67 /* IQKeyboardManager.bundle in Resources */,
			);
			runOnlyForDeploymentPostprocessing = 0;
		};
/* End PBXResourcesBuildPhase section */

/* Begin PBXSourcesBuildPhase section */
		B7E358C31FD53F6C006256FC /* Sources */ = {
			isa = PBXSourcesBuildPhase;
			buildActionMask = 2147483647;
			files = (
				B79FFBB51FDA982D00739EA5 /* Type+CoreDataProperties.swift in Sources */,
				9EB63E911FD988BB00DB5A67 /* IQKeyboardManager.swift in Sources */,
				B79FFBAC1FDA982D00739EA5 /* Customer+CoreDataClass.swift in Sources */,
				B79FFBBD1FDA982D00739EA5 /* Order+CoreDataProperties.swift in Sources */,
				9E20C48F1FD97860007A040E /* ETLoginViewModel.swift in Sources */,
				B7E359171FD93CD5006256FC /* ETProjectsViewController.swift in Sources */,
				9EB63E941FD988BB00DB5A67 /* IQBarButtonItem.swift in Sources */,
				9EB63E8D1FD988BB00DB5A67 /* IQUIViewController+Additions.swift in Sources */,
				9E20C48D1FD96A47007A040E /* Authenticator.swift in Sources */,
				B7E359131FD93CC6006256FC /* ETMaterialsViewController.swift in Sources */,
				B79FFBBE1FDA982E00739EA5 /* Expense+CoreDataClass.swift in Sources */,
				9EB63E921FD988BB00DB5A67 /* IQKeyboardReturnKeyHandler.swift in Sources */,
				B79FFBB31FDA982D00739EA5 /* Project+CoreDataProperties.swift in Sources */,
				B79FFBB21FDA982D00739EA5 /* Project+CoreDataClass.swift in Sources */,
				B79FFBB41FDA982D00739EA5 /* Type+CoreDataClass.swift in Sources */,
				B79FFBAB1FDA982D00739EA5 /* Files+CoreDataProperties.swift in Sources */,
				B7E358FA1FD9350F006256FC /* Constants.swift in Sources */,
				B79FFBAD1FDA982D00739EA5 /* Customer+CoreDataProperties.swift in Sources */,
				B79FFBC11FDA982E00739EA5 /* User+CoreDataProperties.swift in Sources */,
				B79FFBB61FDA982D00739EA5 /* Address+CoreDataClass.swift in Sources */,
				B79FFBB71FDA982D00739EA5 /* Address+CoreDataProperties.swift in Sources */,
				B79FFBBC1FDA982D00739EA5 /* Order+CoreDataClass.swift in Sources */,
				B79FFBBF1FDA982E00739EA5 /* Expense+CoreDataProperties.swift in Sources */,
				B79FFBB91FDA982D00739EA5 /* Job+CoreDataProperties.swift in Sources */,
				B79FFBAF1FDA982D00739EA5 /* Object+CoreDataProperties.swift in Sources */,
				9EB63E901FD988BB00DB5A67 /* IQKeyboardManagerConstantsInternal.swift in Sources */,
				B7B42B1C1FDA87D1001F404C /* Extensions.swift in Sources */,
				B79FFBB81FDA982D00739EA5 /* Job+CoreDataClass.swift in Sources */,
				B79FFBAA1FDA982D00739EA5 /* Files+CoreDataClass.swift in Sources */,
				B79FFBB01FDA982D00739EA5 /* Contact+CoreDataClass.swift in Sources */,
				9EB63E8E1FD988BB00DB5A67 /* IQUIWindow+Hierarchy.swift in Sources */,
				B79FFBBA1FDA982D00739EA5 /* Material+CoreDataClass.swift in Sources */,
				9EB63E981FD988BB00DB5A67 /* IQUIView+IQKeyboardToolbar.swift in Sources */,
				B79FFBC01FDA982E00739EA5 /* User+CoreDataClass.swift in Sources */,
				B7E358CB1FD53F6C006256FC /* AppDelegate.swift in Sources */,
				B7E3590B1FD93C9A006256FC /* ETSettingsViewController.swift in Sources */,
				9E4A173D1FD966EE00808EF9 /* ETRootViewController.swift in Sources */,
				B79FFBAE1FDA982D00739EA5 /* Object+CoreDataClass.swift in Sources */,
				9EB63E961FD988BB00DB5A67 /* IQTitleBarButtonItem.swift in Sources */,
				9EB63E8A1FD988BB00DB5A67 /* IQUIScrollView+Additions.swift in Sources */,
				9EB63E8C1FD988BB00DB5A67 /* IQUIView+Hierarchy.swift in Sources */,
				9EB63E951FD988BB00DB5A67 /* IQPreviousNextView.swift in Sources */,
				9EB63E8F1FD988BB00DB5A67 /* IQKeyboardManagerConstants.swift in Sources */,
				B7E358FC1FD93524006256FC /* DataHelper.swift in Sources */,
				9E4A17411FD9670200808EF9 /* ETLoginViewController.swift in Sources */,
				B7E358FF1FD93710006256FC /* ETTabBarViewController.swift in Sources */,
				B7E358D31FD53F6C006256FC /* EasyTime.xcdatamodeld in Sources */,
				B79FFBBB1FDA982D00739EA5 /* Material+CoreDataProperties.swift in Sources */,
				9EB63E971FD988BB00DB5A67 /* IQToolbar.swift in Sources */,
				B79FFBB11FDA982D00739EA5 /* Contact+CoreDataProperties.swift in Sources */,
				9EB63E891FD988BB00DB5A67 /* IQNSArray+Sort.swift in Sources */,
				9EB63E8B1FD988BB00DB5A67 /* IQUITextFieldView+Additions.swift in Sources */,
				B7E3590F1FD93CB4006256FC /* ETClientsViewController.swift in Sources */,
				9EB63E931FD988BB00DB5A67 /* IQTextView.swift in Sources */,
				B7E359081FD93C81006256FC /* ETBaseViewController.swift in Sources */,
			);
			runOnlyForDeploymentPostprocessing = 0;
		};
/* End PBXSourcesBuildPhase section */

/* Begin PBXVariantGroup section */
		B7E358D61FD53F6C006256FC /* LaunchScreen.storyboard */ = {
			isa = PBXVariantGroup;
			children = (
				B7E358D71FD53F6C006256FC /* Base */,
			);
			name = LaunchScreen.storyboard;
			sourceTree = "<group>";
		};
/* End PBXVariantGroup section */

/* Begin XCBuildConfiguration section */
		B7E358DA1FD53F6C006256FC /* Debug */ = {
			isa = XCBuildConfiguration;
			buildSettings = {
				ALWAYS_SEARCH_USER_PATHS = NO;
				CLANG_ANALYZER_NONNULL = YES;
				CLANG_ANALYZER_NUMBER_OBJECT_CONVERSION = YES_AGGRESSIVE;
				CLANG_CXX_LANGUAGE_STANDARD = "gnu++14";
				CLANG_CXX_LIBRARY = "libc++";
				CLANG_ENABLE_MODULES = YES;
				CLANG_ENABLE_OBJC_ARC = YES;
				CLANG_WARN_BLOCK_CAPTURE_AUTORELEASING = YES;
				CLANG_WARN_BOOL_CONVERSION = YES;
				CLANG_WARN_COMMA = YES;
				CLANG_WARN_CONSTANT_CONVERSION = YES;
				CLANG_WARN_DIRECT_OBJC_ISA_USAGE = YES_ERROR;
				CLANG_WARN_DOCUMENTATION_COMMENTS = YES;
				CLANG_WARN_EMPTY_BODY = YES;
				CLANG_WARN_ENUM_CONVERSION = YES;
				CLANG_WARN_INFINITE_RECURSION = YES;
				CLANG_WARN_INT_CONVERSION = YES;
				CLANG_WARN_NON_LITERAL_NULL_CONVERSION = YES;
				CLANG_WARN_OBJC_LITERAL_CONVERSION = YES;
				CLANG_WARN_OBJC_ROOT_CLASS = YES_ERROR;
				CLANG_WARN_RANGE_LOOP_ANALYSIS = YES;
				CLANG_WARN_STRICT_PROTOTYPES = YES;
				CLANG_WARN_SUSPICIOUS_MOVE = YES;
				CLANG_WARN_UNGUARDED_AVAILABILITY = YES_AGGRESSIVE;
				CLANG_WARN_UNREACHABLE_CODE = YES;
				CLANG_WARN__DUPLICATE_METHOD_MATCH = YES;
				CODE_SIGN_IDENTITY = "iPhone Developer";
				COPY_PHASE_STRIP = NO;
				DEBUG_INFORMATION_FORMAT = dwarf;
				ENABLE_STRICT_OBJC_MSGSEND = YES;
				ENABLE_TESTABILITY = YES;
				GCC_C_LANGUAGE_STANDARD = gnu11;
				GCC_DYNAMIC_NO_PIC = NO;
				GCC_NO_COMMON_BLOCKS = YES;
				GCC_OPTIMIZATION_LEVEL = 0;
				GCC_PREPROCESSOR_DEFINITIONS = (
					"DEBUG=1",
					"$(inherited)",
				);
				GCC_WARN_64_TO_32_BIT_CONVERSION = YES;
				GCC_WARN_ABOUT_RETURN_TYPE = YES_ERROR;
				GCC_WARN_UNDECLARED_SELECTOR = YES;
				GCC_WARN_UNINITIALIZED_AUTOS = YES_AGGRESSIVE;
				GCC_WARN_UNUSED_FUNCTION = YES;
				GCC_WARN_UNUSED_VARIABLE = YES;
				IPHONEOS_DEPLOYMENT_TARGET = 10.0;
				MTL_ENABLE_DEBUG_INFO = YES;
				ONLY_ACTIVE_ARCH = YES;
				SDKROOT = iphoneos;
				SWIFT_ACTIVE_COMPILATION_CONDITIONS = DEBUG;
				SWIFT_OPTIMIZATION_LEVEL = "-Onone";
			};
			name = Debug;
		};
		B7E358DB1FD53F6C006256FC /* Release */ = {
			isa = XCBuildConfiguration;
			buildSettings = {
				ALWAYS_SEARCH_USER_PATHS = NO;
				CLANG_ANALYZER_NONNULL = YES;
				CLANG_ANALYZER_NUMBER_OBJECT_CONVERSION = YES_AGGRESSIVE;
				CLANG_CXX_LANGUAGE_STANDARD = "gnu++14";
				CLANG_CXX_LIBRARY = "libc++";
				CLANG_ENABLE_MODULES = YES;
				CLANG_ENABLE_OBJC_ARC = YES;
				CLANG_WARN_BLOCK_CAPTURE_AUTORELEASING = YES;
				CLANG_WARN_BOOL_CONVERSION = YES;
				CLANG_WARN_COMMA = YES;
				CLANG_WARN_CONSTANT_CONVERSION = YES;
				CLANG_WARN_DIRECT_OBJC_ISA_USAGE = YES_ERROR;
				CLANG_WARN_DOCUMENTATION_COMMENTS = YES;
				CLANG_WARN_EMPTY_BODY = YES;
				CLANG_WARN_ENUM_CONVERSION = YES;
				CLANG_WARN_INFINITE_RECURSION = YES;
				CLANG_WARN_INT_CONVERSION = YES;
				CLANG_WARN_NON_LITERAL_NULL_CONVERSION = YES;
				CLANG_WARN_OBJC_LITERAL_CONVERSION = YES;
				CLANG_WARN_OBJC_ROOT_CLASS = YES_ERROR;
				CLANG_WARN_RANGE_LOOP_ANALYSIS = YES;
				CLANG_WARN_STRICT_PROTOTYPES = YES;
				CLANG_WARN_SUSPICIOUS_MOVE = YES;
				CLANG_WARN_UNGUARDED_AVAILABILITY = YES_AGGRESSIVE;
				CLANG_WARN_UNREACHABLE_CODE = YES;
				CLANG_WARN__DUPLICATE_METHOD_MATCH = YES;
				CODE_SIGN_IDENTITY = "iPhone Developer";
				COPY_PHASE_STRIP = NO;
				DEBUG_INFORMATION_FORMAT = "dwarf-with-dsym";
				ENABLE_NS_ASSERTIONS = NO;
				ENABLE_STRICT_OBJC_MSGSEND = YES;
				GCC_C_LANGUAGE_STANDARD = gnu11;
				GCC_NO_COMMON_BLOCKS = YES;
				GCC_WARN_64_TO_32_BIT_CONVERSION = YES;
				GCC_WARN_ABOUT_RETURN_TYPE = YES_ERROR;
				GCC_WARN_UNDECLARED_SELECTOR = YES;
				GCC_WARN_UNINITIALIZED_AUTOS = YES_AGGRESSIVE;
				GCC_WARN_UNUSED_FUNCTION = YES;
				GCC_WARN_UNUSED_VARIABLE = YES;
				IPHONEOS_DEPLOYMENT_TARGET = 10.0;
				MTL_ENABLE_DEBUG_INFO = NO;
				SDKROOT = iphoneos;
				SWIFT_OPTIMIZATION_LEVEL = "-Owholemodule";
				VALIDATE_PRODUCT = YES;
			};
			name = Release;
		};
		B7E358DD1FD53F6C006256FC /* Debug */ = {
			isa = XCBuildConfiguration;
			buildSettings = {
				ASSETCATALOG_COMPILER_APPICON_NAME = AppIcon;
				CODE_SIGN_STYLE = Automatic;
				DEVELOPMENT_TEAM = LZZX277PR7;
				INFOPLIST_FILE = EasyTime/Info.plist;
				IPHONEOS_DEPLOYMENT_TARGET = 10.0;
				LD_RUNPATH_SEARCH_PATHS = "$(inherited) @executable_path/Frameworks";
				PRODUCT_BUNDLE_IDENTIFIER = com.swiss1mobile.EasyTime;
				PRODUCT_NAME = "$(TARGET_NAME)";
				SWIFT_VERSION = 4.0;
				TARGETED_DEVICE_FAMILY = "1,2";
			};
			name = Debug;
		};
		B7E358DE1FD53F6C006256FC /* Release */ = {
			isa = XCBuildConfiguration;
			buildSettings = {
				ASSETCATALOG_COMPILER_APPICON_NAME = AppIcon;
				CODE_SIGN_STYLE = Automatic;
				DEVELOPMENT_TEAM = LZZX277PR7;
				INFOPLIST_FILE = EasyTime/Info.plist;
				IPHONEOS_DEPLOYMENT_TARGET = 10.0;
				LD_RUNPATH_SEARCH_PATHS = "$(inherited) @executable_path/Frameworks";
				PRODUCT_BUNDLE_IDENTIFIER = com.swiss1mobile.EasyTime;
				PRODUCT_NAME = "$(TARGET_NAME)";
				SWIFT_VERSION = 4.0;
				TARGETED_DEVICE_FAMILY = "1,2";
			};
			name = Release;
		};
/* End XCBuildConfiguration section */

/* Begin XCConfigurationList section */
		B7E358C21FD53F6C006256FC /* Build configuration list for PBXProject "EasyTime" */ = {
			isa = XCConfigurationList;
			buildConfigurations = (
				B7E358DA1FD53F6C006256FC /* Debug */,
				B7E358DB1FD53F6C006256FC /* Release */,
			);
			defaultConfigurationIsVisible = 0;
			defaultConfigurationName = Release;
		};
		B7E358DC1FD53F6C006256FC /* Build configuration list for PBXNativeTarget "EasyTime" */ = {
			isa = XCConfigurationList;
			buildConfigurations = (
				B7E358DD1FD53F6C006256FC /* Debug */,
				B7E358DE1FD53F6C006256FC /* Release */,
			);
			defaultConfigurationIsVisible = 0;
			defaultConfigurationName = Release;
		};
/* End XCConfigurationList section */

/* Begin XCVersionGroup section */
		B7E358D11FD53F6C006256FC /* EasyTime.xcdatamodeld */ = {
			isa = XCVersionGroup;
			children = (
				B7E358D21FD53F6C006256FC /* EasyTime.xcdatamodel */,
			);
			currentVersion = B7E358D21FD53F6C006256FC /* EasyTime.xcdatamodel */;
			path = EasyTime.xcdatamodeld;
			sourceTree = "<group>";
			versionGroupType = wrapper.xcdatamodel;
		};
/* End XCVersionGroup section */
	};
	rootObject = B7E358BF1FD53F6C006256FC /* Project object */;
}
