// !$*UTF8*$!
{
	archiveVersion = 1;
	classes = {
	};
	objectVersion = 48;
	objects = {

/* Begin PBXBuildFile section */
		9E730CFB1FDAA16A0059C810 /* AppDelegate.swift in Sources */ = {isa = PBXBuildFile; fileRef = 9E730C9C1FDAA1690059C810 /* AppDelegate.swift */; };
		9E730CFC1FDAA16A0059C810 /* IQNSArray+Sort.swift in Sources */ = {isa = PBXBuildFile; fileRef = 9E730CA01FDAA1690059C810 /* IQNSArray+Sort.swift */; };
		9E730CFD1FDAA16A0059C810 /* IQUIScrollView+Additions.swift in Sources */ = {isa = PBXBuildFile; fileRef = 9E730CA11FDAA1690059C810 /* IQUIScrollView+Additions.swift */; };
		9E730CFE1FDAA16A0059C810 /* IQUITextFieldView+Additions.swift in Sources */ = {isa = PBXBuildFile; fileRef = 9E730CA21FDAA1690059C810 /* IQUITextFieldView+Additions.swift */; };
		9E730CFF1FDAA16A0059C810 /* IQUIView+Hierarchy.swift in Sources */ = {isa = PBXBuildFile; fileRef = 9E730CA31FDAA1690059C810 /* IQUIView+Hierarchy.swift */; };
		9E730D001FDAA16A0059C810 /* IQUIViewController+Additions.swift in Sources */ = {isa = PBXBuildFile; fileRef = 9E730CA41FDAA1690059C810 /* IQUIViewController+Additions.swift */; };
		9E730D011FDAA16A0059C810 /* IQUIWindow+Hierarchy.swift in Sources */ = {isa = PBXBuildFile; fileRef = 9E730CA51FDAA1690059C810 /* IQUIWindow+Hierarchy.swift */; };
		9E730D021FDAA16A0059C810 /* IQKeyboardManagerConstants.swift in Sources */ = {isa = PBXBuildFile; fileRef = 9E730CA71FDAA1690059C810 /* IQKeyboardManagerConstants.swift */; };
		9E730D031FDAA16A0059C810 /* IQKeyboardManagerConstantsInternal.swift in Sources */ = {isa = PBXBuildFile; fileRef = 9E730CA81FDAA1690059C810 /* IQKeyboardManagerConstantsInternal.swift */; };
		9E730D041FDAA16A0059C810 /* IQKeyboardManager.swift in Sources */ = {isa = PBXBuildFile; fileRef = 9E730CA91FDAA1690059C810 /* IQKeyboardManager.swift */; };
		9E730D051FDAA16A0059C810 /* IQKeyboardReturnKeyHandler.swift in Sources */ = {isa = PBXBuildFile; fileRef = 9E730CAB1FDAA1690059C810 /* IQKeyboardReturnKeyHandler.swift */; };
		9E730D061FDAA16A0059C810 /* IQTextView.swift in Sources */ = {isa = PBXBuildFile; fileRef = 9E730CAD1FDAA1690059C810 /* IQTextView.swift */; };
		9E730D071FDAA16A0059C810 /* IQBarButtonItem.swift in Sources */ = {isa = PBXBuildFile; fileRef = 9E730CAF1FDAA1690059C810 /* IQBarButtonItem.swift */; };
		9E730D081FDAA16A0059C810 /* IQPreviousNextView.swift in Sources */ = {isa = PBXBuildFile; fileRef = 9E730CB01FDAA1690059C810 /* IQPreviousNextView.swift */; };
		9E730D091FDAA16A0059C810 /* IQTitleBarButtonItem.swift in Sources */ = {isa = PBXBuildFile; fileRef = 9E730CB11FDAA1690059C810 /* IQTitleBarButtonItem.swift */; };
		9E730D0A1FDAA16A0059C810 /* IQToolbar.swift in Sources */ = {isa = PBXBuildFile; fileRef = 9E730CB21FDAA1690059C810 /* IQToolbar.swift */; };
		9E730D0B1FDAA16A0059C810 /* IQUIView+IQKeyboardToolbar.swift in Sources */ = {isa = PBXBuildFile; fileRef = 9E730CB31FDAA1690059C810 /* IQUIView+IQKeyboardToolbar.swift */; };
		9E730D0C1FDAA16A0059C810 /* IQKeyboardManager.bundle in Resources */ = {isa = PBXBuildFile; fileRef = 9E730CB51FDAA1690059C810 /* IQKeyboardManager.bundle */; };
		9E730D0D1FDAA16A0059C810 /* DataHelper.swift in Sources */ = {isa = PBXBuildFile; fileRef = 9E730CB71FDAA1690059C810 /* DataHelper.swift */; };
		9E730D0E1FDAA16A0059C810 /* EasyTime.xcdatamodeld in Sources */ = {isa = PBXBuildFile; fileRef = 9E730CB81FDAA1690059C810 /* EasyTime.xcdatamodeld */; };
		9E730D0F1FDAA16A0059C810 /* Address+CoreDataClass.swift in Sources */ = {isa = PBXBuildFile; fileRef = 9E730CBB1FDAA1690059C810 /* Address+CoreDataClass.swift */; };
		9E730D101FDAA16A0059C810 /* Address+CoreDataProperties.swift in Sources */ = {isa = PBXBuildFile; fileRef = 9E730CBC1FDAA1690059C810 /* Address+CoreDataProperties.swift */; };
		9E730D111FDAA16A0059C810 /* Contact+CoreDataClass.swift in Sources */ = {isa = PBXBuildFile; fileRef = 9E730CBD1FDAA1690059C810 /* Contact+CoreDataClass.swift */; };
		9E730D121FDAA16A0059C810 /* Contact+CoreDataProperties.swift in Sources */ = {isa = PBXBuildFile; fileRef = 9E730CBE1FDAA1690059C810 /* Contact+CoreDataProperties.swift */; };
		9E730D131FDAA16A0059C810 /* Customer+CoreDataClass.swift in Sources */ = {isa = PBXBuildFile; fileRef = 9E730CBF1FDAA1690059C810 /* Customer+CoreDataClass.swift */; };
		9E730D141FDAA16A0059C810 /* Customer+CoreDataProperties.swift in Sources */ = {isa = PBXBuildFile; fileRef = 9E730CC01FDAA1690059C810 /* Customer+CoreDataProperties.swift */; };
		9E730D151FDAA16A0059C810 /* Expense+CoreDataClass.swift in Sources */ = {isa = PBXBuildFile; fileRef = 9E730CC11FDAA1690059C810 /* Expense+CoreDataClass.swift */; };
		9E730D161FDAA16A0059C810 /* Expense+CoreDataProperties.swift in Sources */ = {isa = PBXBuildFile; fileRef = 9E730CC21FDAA1690059C810 /* Expense+CoreDataProperties.swift */; };
		9E730D171FDAA16A0059C810 /* Files+CoreDataClass.swift in Sources */ = {isa = PBXBuildFile; fileRef = 9E730CC31FDAA1690059C810 /* Files+CoreDataClass.swift */; };
		9E730D181FDAA16A0059C810 /* Files+CoreDataProperties.swift in Sources */ = {isa = PBXBuildFile; fileRef = 9E730CC41FDAA1690059C810 /* Files+CoreDataProperties.swift */; };
		9E730D191FDAA16A0059C810 /* Job+CoreDataClass.swift in Sources */ = {isa = PBXBuildFile; fileRef = 9E730CC51FDAA1690059C810 /* Job+CoreDataClass.swift */; };
		9E730D1A1FDAA16A0059C810 /* Job+CoreDataProperties.swift in Sources */ = {isa = PBXBuildFile; fileRef = 9E730CC61FDAA1690059C810 /* Job+CoreDataProperties.swift */; };
		9E730D1B1FDAA16A0059C810 /* Material+CoreDataClass.swift in Sources */ = {isa = PBXBuildFile; fileRef = 9E730CC71FDAA1690059C810 /* Material+CoreDataClass.swift */; };
		9E730D1C1FDAA16A0059C810 /* Material+CoreDataProperties.swift in Sources */ = {isa = PBXBuildFile; fileRef = 9E730CC81FDAA1690059C810 /* Material+CoreDataProperties.swift */; };
		9E730D1D1FDAA16A0059C810 /* Object+CoreDataClass.swift in Sources */ = {isa = PBXBuildFile; fileRef = 9E730CC91FDAA1690059C810 /* Object+CoreDataClass.swift */; };
		9E730D1E1FDAA16A0059C810 /* Object+CoreDataProperties.swift in Sources */ = {isa = PBXBuildFile; fileRef = 9E730CCA1FDAA1690059C810 /* Object+CoreDataProperties.swift */; };
		9E730D1F1FDAA16A0059C810 /* Order+CoreDataClass.swift in Sources */ = {isa = PBXBuildFile; fileRef = 9E730CCB1FDAA1690059C810 /* Order+CoreDataClass.swift */; };
		9E730D201FDAA16A0059C810 /* Order+CoreDataProperties.swift in Sources */ = {isa = PBXBuildFile; fileRef = 9E730CCC1FDAA1690059C810 /* Order+CoreDataProperties.swift */; };
		9E730D211FDAA16A0059C810 /* Project+CoreDataClass.swift in Sources */ = {isa = PBXBuildFile; fileRef = 9E730CCD1FDAA1690059C810 /* Project+CoreDataClass.swift */; };
		9E730D221FDAA16A0059C810 /* Project+CoreDataProperties.swift in Sources */ = {isa = PBXBuildFile; fileRef = 9E730CCE1FDAA1690059C810 /* Project+CoreDataProperties.swift */; };
		9E730D231FDAA16A0059C810 /* Type+CoreDataClass.swift in Sources */ = {isa = PBXBuildFile; fileRef = 9E730CCF1FDAA1690059C810 /* Type+CoreDataClass.swift */; };
		9E730D241FDAA16A0059C810 /* Type+CoreDataProperties.swift in Sources */ = {isa = PBXBuildFile; fileRef = 9E730CD01FDAA1690059C810 /* Type+CoreDataProperties.swift */; };
		9E730D251FDAA16A0059C810 /* User+CoreDataClass.swift in Sources */ = {isa = PBXBuildFile; fileRef = 9E730CD11FDAA1690059C810 /* User+CoreDataClass.swift */; };
		9E730D261FDAA16A0059C810 /* User+CoreDataProperties.swift in Sources */ = {isa = PBXBuildFile; fileRef = 9E730CD21FDAA1690059C810 /* User+CoreDataProperties.swift */; };
		9E730D271FDAA16A0059C810 /* Constants.swift in Sources */ = {isa = PBXBuildFile; fileRef = 9E730CD41FDAA1690059C810 /* Constants.swift */; };
		9E730D281FDAA16A0059C810 /* Extensions.swift in Sources */ = {isa = PBXBuildFile; fileRef = 9E730CD51FDAA1690059C810 /* Extensions.swift */; };
		9E730D291FDAA16A0059C810 /* AppManager.swift in Sources */ = {isa = PBXBuildFile; fileRef = 9E730CD71FDAA1690059C810 /* AppManager.swift */; };
		9E730D2A1FDAA16A0059C810 /* Authenticator.swift in Sources */ = {isa = PBXBuildFile; fileRef = 9E730CD81FDAA1690059C810 /* Authenticator.swift */; };
		9E730D2B1FDAA16A0059C810 /* LaunchScreen.storyboard in Resources */ = {isa = PBXBuildFile; fileRef = 9E730CDA1FDAA16A0059C810 /* LaunchScreen.storyboard */; };
		9E730D2C1FDAA16A0059C810 /* Info.plist in Resources */ = {isa = PBXBuildFile; fileRef = 9E730CDC1FDAA16A0059C810 /* Info.plist */; };
		9E730D2D1FDAA16A0059C810 /* Assets.xcassets in Resources */ = {isa = PBXBuildFile; fileRef = 9E730CDE1FDAA16A0059C810 /* Assets.xcassets */; };
		9E730D2E1FDAA16A0059C810 /* ClientsViewController.swift in Sources */ = {isa = PBXBuildFile; fileRef = 9E730CE01FDAA16A0059C810 /* ClientsViewController.swift */; };
		9E730D2F1FDAA16A0059C810 /* ClientsViewController.xib in Resources */ = {isa = PBXBuildFile; fileRef = 9E730CE11FDAA16A0059C810 /* ClientsViewController.xib */; };
		9E730D301FDAA16A0059C810 /* LoginViewController.swift in Sources */ = {isa = PBXBuildFile; fileRef = 9E730CE31FDAA16A0059C810 /* LoginViewController.swift */; };
		9E730D311FDAA16A0059C810 /* LoginViewController.xib in Resources */ = {isa = PBXBuildFile; fileRef = 9E730CE41FDAA16A0059C810 /* LoginViewController.xib */; };
		9E730D321FDAA16A0059C810 /* LoginViewModel.swift in Sources */ = {isa = PBXBuildFile; fileRef = 9E730CE51FDAA16A0059C810 /* LoginViewModel.swift */; };
		9E730D331FDAA16A0059C810 /* MaterialsViewController.swift in Sources */ = {isa = PBXBuildFile; fileRef = 9E730CE71FDAA16A0059C810 /* MaterialsViewController.swift */; };
		9E730D341FDAA16A0059C810 /* MaterialsViewController.xib in Resources */ = {isa = PBXBuildFile; fileRef = 9E730CE81FDAA16A0059C810 /* MaterialsViewController.xib */; };
		9E730D351FDAA16A0059C810 /* ProjectsViewController.swift in Sources */ = {isa = PBXBuildFile; fileRef = 9E730CEA1FDAA16A0059C810 /* ProjectsViewController.swift */; };
		9E730D361FDAA16A0059C810 /* ProjectsViewController.xib in Resources */ = {isa = PBXBuildFile; fileRef = 9E730CEB1FDAA16A0059C810 /* ProjectsViewController.xib */; };
		9E730D371FDAA16A0059C810 /* RootViewController.swift in Sources */ = {isa = PBXBuildFile; fileRef = 9E730CED1FDAA16A0059C810 /* RootViewController.swift */; };
		9E730D391FDAA16A0059C810 /* SettingsViewController.swift in Sources */ = {isa = PBXBuildFile; fileRef = 9E730CF01FDAA16A0059C810 /* SettingsViewController.swift */; };
		9E730D3A1FDAA16A0059C810 /* SettingsViewController.xib in Resources */ = {isa = PBXBuildFile; fileRef = 9E730CF11FDAA16A0059C810 /* SettingsViewController.xib */; };
		9E730D3B1FDAA16A0059C810 /* BaseViewController.swift in Sources */ = {isa = PBXBuildFile; fileRef = 9E730CF41FDAA16A0059C810 /* BaseViewController.swift */; };
		9E730D3C1FDAA16A0059C810 /* BaseViewModel.swift in Sources */ = {isa = PBXBuildFile; fileRef = 9E730CF61FDAA16A0059C810 /* BaseViewModel.swift */; };
		9E730D431FDAA22A0059C810 /* TabBarViewController.swift in Sources */ = {isa = PBXBuildFile; fileRef = 9E730D411FDAA2290059C810 /* TabBarViewController.swift */; };
		B73108D61FDEC1DF00BB3B07 /* customer.csv in Resources */ = {isa = PBXBuildFile; fileRef = B73108D51FDEC1DE00BB3B07 /* customer.csv */; };
		B73108D81FDEC28300BB3B07 /* CSV.swift in Sources */ = {isa = PBXBuildFile; fileRef = B73108D71FDEC28300BB3B07 /* CSV.swift */; };
		B73108DA1FDFD2AF00BB3B07 /* CSVParser.swift in Sources */ = {isa = PBXBuildFile; fileRef = B73108D91FDFD2AF00BB3B07 /* CSVParser.swift */; };
		9EAE1F241FE0068300E8C47E /* ProjectsViewModel.swift in Sources */ = {isa = PBXBuildFile; fileRef = 9EAE1F231FE0068200E8C47E /* ProjectsViewModel.swift */; };
		9EAE1F271FE0FDC600E8C47E /* ProjectTableViewCell.swift in Sources */ = {isa = PBXBuildFile; fileRef = 9EAE1F251FE0FDC600E8C47E /* ProjectTableViewCell.swift */; };
		9EAE1F281FE0FDC600E8C47E /* ProjectTableViewCell.xib in Resources */ = {isa = PBXBuildFile; fileRef = 9EAE1F261FE0FDC600E8C47E /* ProjectTableViewCell.xib */; };
/* End PBXBuildFile section */

/* Begin PBXFileReference section */
		9E730C9C1FDAA1690059C810 /* AppDelegate.swift */ = {isa = PBXFileReference; fileEncoding = 4; lastKnownFileType = sourcecode.swift; path = AppDelegate.swift; sourceTree = "<group>"; };
		9E730CA01FDAA1690059C810 /* IQNSArray+Sort.swift */ = {isa = PBXFileReference; fileEncoding = 4; lastKnownFileType = sourcecode.swift; path = "IQNSArray+Sort.swift"; sourceTree = "<group>"; };
		9E730CA11FDAA1690059C810 /* IQUIScrollView+Additions.swift */ = {isa = PBXFileReference; fileEncoding = 4; lastKnownFileType = sourcecode.swift; path = "IQUIScrollView+Additions.swift"; sourceTree = "<group>"; };
		9E730CA21FDAA1690059C810 /* IQUITextFieldView+Additions.swift */ = {isa = PBXFileReference; fileEncoding = 4; lastKnownFileType = sourcecode.swift; path = "IQUITextFieldView+Additions.swift"; sourceTree = "<group>"; };
		9E730CA31FDAA1690059C810 /* IQUIView+Hierarchy.swift */ = {isa = PBXFileReference; fileEncoding = 4; lastKnownFileType = sourcecode.swift; path = "IQUIView+Hierarchy.swift"; sourceTree = "<group>"; };
		9E730CA41FDAA1690059C810 /* IQUIViewController+Additions.swift */ = {isa = PBXFileReference; fileEncoding = 4; lastKnownFileType = sourcecode.swift; path = "IQUIViewController+Additions.swift"; sourceTree = "<group>"; };
		9E730CA51FDAA1690059C810 /* IQUIWindow+Hierarchy.swift */ = {isa = PBXFileReference; fileEncoding = 4; lastKnownFileType = sourcecode.swift; path = "IQUIWindow+Hierarchy.swift"; sourceTree = "<group>"; };
		9E730CA71FDAA1690059C810 /* IQKeyboardManagerConstants.swift */ = {isa = PBXFileReference; fileEncoding = 4; lastKnownFileType = sourcecode.swift; path = IQKeyboardManagerConstants.swift; sourceTree = "<group>"; };
		9E730CA81FDAA1690059C810 /* IQKeyboardManagerConstantsInternal.swift */ = {isa = PBXFileReference; fileEncoding = 4; lastKnownFileType = sourcecode.swift; path = IQKeyboardManagerConstantsInternal.swift; sourceTree = "<group>"; };
		9E730CA91FDAA1690059C810 /* IQKeyboardManager.swift */ = {isa = PBXFileReference; fileEncoding = 4; lastKnownFileType = sourcecode.swift; path = IQKeyboardManager.swift; sourceTree = "<group>"; };
		9E730CAA1FDAA1690059C810 /* IQKeyboardManagerSwift.h */ = {isa = PBXFileReference; fileEncoding = 4; lastKnownFileType = sourcecode.c.h; path = IQKeyboardManagerSwift.h; sourceTree = "<group>"; };
		9E730CAB1FDAA1690059C810 /* IQKeyboardReturnKeyHandler.swift */ = {isa = PBXFileReference; fileEncoding = 4; lastKnownFileType = sourcecode.swift; path = IQKeyboardReturnKeyHandler.swift; sourceTree = "<group>"; };
		9E730CAD1FDAA1690059C810 /* IQTextView.swift */ = {isa = PBXFileReference; fileEncoding = 4; lastKnownFileType = sourcecode.swift; path = IQTextView.swift; sourceTree = "<group>"; };
		9E730CAF1FDAA1690059C810 /* IQBarButtonItem.swift */ = {isa = PBXFileReference; fileEncoding = 4; lastKnownFileType = sourcecode.swift; path = IQBarButtonItem.swift; sourceTree = "<group>"; };
		9E730CB01FDAA1690059C810 /* IQPreviousNextView.swift */ = {isa = PBXFileReference; fileEncoding = 4; lastKnownFileType = sourcecode.swift; path = IQPreviousNextView.swift; sourceTree = "<group>"; };
		9E730CB11FDAA1690059C810 /* IQTitleBarButtonItem.swift */ = {isa = PBXFileReference; fileEncoding = 4; lastKnownFileType = sourcecode.swift; path = IQTitleBarButtonItem.swift; sourceTree = "<group>"; };
		9E730CB21FDAA1690059C810 /* IQToolbar.swift */ = {isa = PBXFileReference; fileEncoding = 4; lastKnownFileType = sourcecode.swift; path = IQToolbar.swift; sourceTree = "<group>"; };
		9E730CB31FDAA1690059C810 /* IQUIView+IQKeyboardToolbar.swift */ = {isa = PBXFileReference; fileEncoding = 4; lastKnownFileType = sourcecode.swift; path = "IQUIView+IQKeyboardToolbar.swift"; sourceTree = "<group>"; };
		9E730CB51FDAA1690059C810 /* IQKeyboardManager.bundle */ = {isa = PBXFileReference; lastKnownFileType = "wrapper.plug-in"; path = IQKeyboardManager.bundle; sourceTree = "<group>"; };
		9E730CB71FDAA1690059C810 /* DataHelper.swift */ = {isa = PBXFileReference; fileEncoding = 4; lastKnownFileType = sourcecode.swift; path = DataHelper.swift; sourceTree = "<group>"; };
		9E730CB91FDAA1690059C810 /* EasyTime.xcdatamodel */ = {isa = PBXFileReference; lastKnownFileType = wrapper.xcdatamodel; path = EasyTime.xcdatamodel; sourceTree = "<group>"; };
		9E730CBB1FDAA1690059C810 /* Address+CoreDataClass.swift */ = {isa = PBXFileReference; fileEncoding = 4; lastKnownFileType = sourcecode.swift; path = "Address+CoreDataClass.swift"; sourceTree = "<group>"; };
		9E730CBC1FDAA1690059C810 /* Address+CoreDataProperties.swift */ = {isa = PBXFileReference; fileEncoding = 4; lastKnownFileType = sourcecode.swift; path = "Address+CoreDataProperties.swift"; sourceTree = "<group>"; };
		9E730CBD1FDAA1690059C810 /* Contact+CoreDataClass.swift */ = {isa = PBXFileReference; fileEncoding = 4; lastKnownFileType = sourcecode.swift; path = "Contact+CoreDataClass.swift"; sourceTree = "<group>"; };
		9E730CBE1FDAA1690059C810 /* Contact+CoreDataProperties.swift */ = {isa = PBXFileReference; fileEncoding = 4; lastKnownFileType = sourcecode.swift; path = "Contact+CoreDataProperties.swift"; sourceTree = "<group>"; };
		9E730CBF1FDAA1690059C810 /* Customer+CoreDataClass.swift */ = {isa = PBXFileReference; fileEncoding = 4; lastKnownFileType = sourcecode.swift; path = "Customer+CoreDataClass.swift"; sourceTree = "<group>"; };
		9E730CC01FDAA1690059C810 /* Customer+CoreDataProperties.swift */ = {isa = PBXFileReference; fileEncoding = 4; lastKnownFileType = sourcecode.swift; path = "Customer+CoreDataProperties.swift"; sourceTree = "<group>"; };
		9E730CC11FDAA1690059C810 /* Expense+CoreDataClass.swift */ = {isa = PBXFileReference; fileEncoding = 4; lastKnownFileType = sourcecode.swift; path = "Expense+CoreDataClass.swift"; sourceTree = "<group>"; };
		9E730CC21FDAA1690059C810 /* Expense+CoreDataProperties.swift */ = {isa = PBXFileReference; fileEncoding = 4; lastKnownFileType = sourcecode.swift; path = "Expense+CoreDataProperties.swift"; sourceTree = "<group>"; };
		9E730CC31FDAA1690059C810 /* Files+CoreDataClass.swift */ = {isa = PBXFileReference; fileEncoding = 4; lastKnownFileType = sourcecode.swift; path = "Files+CoreDataClass.swift"; sourceTree = "<group>"; };
		9E730CC41FDAA1690059C810 /* Files+CoreDataProperties.swift */ = {isa = PBXFileReference; fileEncoding = 4; lastKnownFileType = sourcecode.swift; path = "Files+CoreDataProperties.swift"; sourceTree = "<group>"; };
		9E730CC51FDAA1690059C810 /* Job+CoreDataClass.swift */ = {isa = PBXFileReference; fileEncoding = 4; lastKnownFileType = sourcecode.swift; path = "Job+CoreDataClass.swift"; sourceTree = "<group>"; };
		9E730CC61FDAA1690059C810 /* Job+CoreDataProperties.swift */ = {isa = PBXFileReference; fileEncoding = 4; lastKnownFileType = sourcecode.swift; path = "Job+CoreDataProperties.swift"; sourceTree = "<group>"; };
		9E730CC71FDAA1690059C810 /* Material+CoreDataClass.swift */ = {isa = PBXFileReference; fileEncoding = 4; lastKnownFileType = sourcecode.swift; path = "Material+CoreDataClass.swift"; sourceTree = "<group>"; };
		9E730CC81FDAA1690059C810 /* Material+CoreDataProperties.swift */ = {isa = PBXFileReference; fileEncoding = 4; lastKnownFileType = sourcecode.swift; path = "Material+CoreDataProperties.swift"; sourceTree = "<group>"; };
		9E730CC91FDAA1690059C810 /* Object+CoreDataClass.swift */ = {isa = PBXFileReference; fileEncoding = 4; lastKnownFileType = sourcecode.swift; path = "Object+CoreDataClass.swift"; sourceTree = "<group>"; };
		9E730CCA1FDAA1690059C810 /* Object+CoreDataProperties.swift */ = {isa = PBXFileReference; fileEncoding = 4; lastKnownFileType = sourcecode.swift; path = "Object+CoreDataProperties.swift"; sourceTree = "<group>"; };
		9E730CCB1FDAA1690059C810 /* Order+CoreDataClass.swift */ = {isa = PBXFileReference; fileEncoding = 4; lastKnownFileType = sourcecode.swift; path = "Order+CoreDataClass.swift"; sourceTree = "<group>"; };
		9E730CCC1FDAA1690059C810 /* Order+CoreDataProperties.swift */ = {isa = PBXFileReference; fileEncoding = 4; lastKnownFileType = sourcecode.swift; path = "Order+CoreDataProperties.swift"; sourceTree = "<group>"; };
		9E730CCD1FDAA1690059C810 /* Project+CoreDataClass.swift */ = {isa = PBXFileReference; fileEncoding = 4; lastKnownFileType = sourcecode.swift; path = "Project+CoreDataClass.swift"; sourceTree = "<group>"; };
		9E730CCE1FDAA1690059C810 /* Project+CoreDataProperties.swift */ = {isa = PBXFileReference; fileEncoding = 4; lastKnownFileType = sourcecode.swift; path = "Project+CoreDataProperties.swift"; sourceTree = "<group>"; };
		9E730CCF1FDAA1690059C810 /* Type+CoreDataClass.swift */ = {isa = PBXFileReference; fileEncoding = 4; lastKnownFileType = sourcecode.swift; path = "Type+CoreDataClass.swift"; sourceTree = "<group>"; };
		9E730CD01FDAA1690059C810 /* Type+CoreDataProperties.swift */ = {isa = PBXFileReference; fileEncoding = 4; lastKnownFileType = sourcecode.swift; path = "Type+CoreDataProperties.swift"; sourceTree = "<group>"; };
		9E730CD11FDAA1690059C810 /* User+CoreDataClass.swift */ = {isa = PBXFileReference; fileEncoding = 4; lastKnownFileType = sourcecode.swift; path = "User+CoreDataClass.swift"; sourceTree = "<group>"; };
		9E730CD21FDAA1690059C810 /* User+CoreDataProperties.swift */ = {isa = PBXFileReference; fileEncoding = 4; lastKnownFileType = sourcecode.swift; path = "User+CoreDataProperties.swift"; sourceTree = "<group>"; };
		9E730CD41FDAA1690059C810 /* Constants.swift */ = {isa = PBXFileReference; fileEncoding = 4; lastKnownFileType = sourcecode.swift; path = Constants.swift; sourceTree = "<group>"; };
		9E730CD51FDAA1690059C810 /* Extensions.swift */ = {isa = PBXFileReference; fileEncoding = 4; lastKnownFileType = sourcecode.swift; path = Extensions.swift; sourceTree = "<group>"; };
		9E730CD71FDAA1690059C810 /* AppManager.swift */ = {isa = PBXFileReference; fileEncoding = 4; lastKnownFileType = sourcecode.swift; path = AppManager.swift; sourceTree = "<group>"; };
		9E730CD81FDAA1690059C810 /* Authenticator.swift */ = {isa = PBXFileReference; fileEncoding = 4; lastKnownFileType = sourcecode.swift; path = Authenticator.swift; sourceTree = "<group>"; };
		9E730CDB1FDAA16A0059C810 /* Base */ = {isa = PBXFileReference; lastKnownFileType = file.storyboard; name = Base; path = Base.lproj/LaunchScreen.storyboard; sourceTree = "<group>"; };
		9E730CDC1FDAA16A0059C810 /* Info.plist */ = {isa = PBXFileReference; fileEncoding = 4; lastKnownFileType = text.plist.xml; path = Info.plist; sourceTree = "<group>"; };
		9E730CDE1FDAA16A0059C810 /* Assets.xcassets */ = {isa = PBXFileReference; lastKnownFileType = folder.assetcatalog; path = Assets.xcassets; sourceTree = "<group>"; };
		9E730CE01FDAA16A0059C810 /* ClientsViewController.swift */ = {isa = PBXFileReference; fileEncoding = 4; lastKnownFileType = sourcecode.swift; path = ClientsViewController.swift; sourceTree = "<group>"; };
		9E730CE11FDAA16A0059C810 /* ClientsViewController.xib */ = {isa = PBXFileReference; fileEncoding = 4; lastKnownFileType = file.xib; path = ClientsViewController.xib; sourceTree = "<group>"; };
		9E730CE31FDAA16A0059C810 /* LoginViewController.swift */ = {isa = PBXFileReference; fileEncoding = 4; lastKnownFileType = sourcecode.swift; path = LoginViewController.swift; sourceTree = "<group>"; };
		9E730CE41FDAA16A0059C810 /* LoginViewController.xib */ = {isa = PBXFileReference; fileEncoding = 4; lastKnownFileType = file.xib; path = LoginViewController.xib; sourceTree = "<group>"; };
		9E730CE51FDAA16A0059C810 /* LoginViewModel.swift */ = {isa = PBXFileReference; fileEncoding = 4; lastKnownFileType = sourcecode.swift; path = LoginViewModel.swift; sourceTree = "<group>"; };
		9E730CE71FDAA16A0059C810 /* MaterialsViewController.swift */ = {isa = PBXFileReference; fileEncoding = 4; lastKnownFileType = sourcecode.swift; path = MaterialsViewController.swift; sourceTree = "<group>"; };
		9E730CE81FDAA16A0059C810 /* MaterialsViewController.xib */ = {isa = PBXFileReference; fileEncoding = 4; lastKnownFileType = file.xib; path = MaterialsViewController.xib; sourceTree = "<group>"; };
		9E730CEA1FDAA16A0059C810 /* ProjectsViewController.swift */ = {isa = PBXFileReference; fileEncoding = 4; lastKnownFileType = sourcecode.swift; path = ProjectsViewController.swift; sourceTree = "<group>"; };
		9E730CEB1FDAA16A0059C810 /* ProjectsViewController.xib */ = {isa = PBXFileReference; fileEncoding = 4; lastKnownFileType = file.xib; path = ProjectsViewController.xib; sourceTree = "<group>"; };
		9E730CED1FDAA16A0059C810 /* RootViewController.swift */ = {isa = PBXFileReference; fileEncoding = 4; lastKnownFileType = sourcecode.swift; path = RootViewController.swift; sourceTree = "<group>"; };
		9E730CF01FDAA16A0059C810 /* SettingsViewController.swift */ = {isa = PBXFileReference; fileEncoding = 4; lastKnownFileType = sourcecode.swift; path = SettingsViewController.swift; sourceTree = "<group>"; };
		9E730CF11FDAA16A0059C810 /* SettingsViewController.xib */ = {isa = PBXFileReference; fileEncoding = 4; lastKnownFileType = file.xib; path = SettingsViewController.xib; sourceTree = "<group>"; };
		9E730CF41FDAA16A0059C810 /* BaseViewController.swift */ = {isa = PBXFileReference; fileEncoding = 4; lastKnownFileType = sourcecode.swift; path = BaseViewController.swift; sourceTree = "<group>"; };
		9E730CF61FDAA16A0059C810 /* BaseViewModel.swift */ = {isa = PBXFileReference; fileEncoding = 4; lastKnownFileType = sourcecode.swift; path = BaseViewModel.swift; sourceTree = "<group>"; };
		9E730D3F1FDAA17A0059C810 /* EasyTime-Bridging-Header.h */ = {isa = PBXFileReference; fileEncoding = 4; lastKnownFileType = sourcecode.c.h; path = "EasyTime-Bridging-Header.h"; sourceTree = "<group>"; };
		9E730D411FDAA2290059C810 /* TabBarViewController.swift */ = {isa = PBXFileReference; fileEncoding = 4; lastKnownFileType = sourcecode.swift; path = TabBarViewController.swift; sourceTree = "<group>"; };
		B73108D51FDEC1DE00BB3B07 /* customer.csv */ = {isa = PBXFileReference; fileEncoding = 4; lastKnownFileType = text; path = customer.csv; sourceTree = "<group>"; };
		B73108D71FDEC28300BB3B07 /* CSV.swift */ = {isa = PBXFileReference; fileEncoding = 4; lastKnownFileType = sourcecode.swift; path = CSV.swift; sourceTree = "<group>"; };
		B73108D91FDFD2AF00BB3B07 /* CSVParser.swift */ = {isa = PBXFileReference; lastKnownFileType = sourcecode.swift; path = CSVParser.swift; sourceTree = "<group>"; };
		9EAE1F231FE0068200E8C47E /* ProjectsViewModel.swift */ = {isa = PBXFileReference; lastKnownFileType = sourcecode.swift; path = ProjectsViewModel.swift; sourceTree = "<group>"; };
		9EAE1F251FE0FDC600E8C47E /* ProjectTableViewCell.swift */ = {isa = PBXFileReference; lastKnownFileType = sourcecode.swift; path = ProjectTableViewCell.swift; sourceTree = "<group>"; };
		9EAE1F261FE0FDC600E8C47E /* ProjectTableViewCell.xib */ = {isa = PBXFileReference; lastKnownFileType = file.xib; path = ProjectTableViewCell.xib; sourceTree = "<group>"; };
		B7E358C71FD53F6C006256FC /* EasyTime.app */ = {isa = PBXFileReference; explicitFileType = wrapper.application; includeInIndex = 0; path = EasyTime.app; sourceTree = BUILT_PRODUCTS_DIR; };
/* End PBXFileReference section */

/* Begin PBXFrameworksBuildPhase section */
		B7E358C41FD53F6C006256FC /* Frameworks */ = {
			isa = PBXFrameworksBuildPhase;
			buildActionMask = 2147483647;
			files = (
			);
			runOnlyForDeploymentPostprocessing = 0;
		};
/* End PBXFrameworksBuildPhase section */

/* Begin PBXGroup section */
		9E730C9D1FDAA1690059C810 /* Frameworks */ = {
			isa = PBXGroup;
			children = (
				B73108D71FDEC28300BB3B07 /* CSV.swift */,
				9E730C9E1FDAA1690059C810 /* IQKeyboardManagerSwift */,
			);
			path = Frameworks;
			sourceTree = "<group>";
		};
		9E730C9E1FDAA1690059C810 /* IQKeyboardManagerSwift */ = {
			isa = PBXGroup;
			children = (
				9E730C9F1FDAA1690059C810 /* Categories */,
				9E730CA61FDAA1690059C810 /* Constants */,
				9E730CA91FDAA1690059C810 /* IQKeyboardManager.swift */,
				9E730CAA1FDAA1690059C810 /* IQKeyboardManagerSwift.h */,
				9E730CAB1FDAA1690059C810 /* IQKeyboardReturnKeyHandler.swift */,
				9E730CAC1FDAA1690059C810 /* IQTextView */,
				9E730CAE1FDAA1690059C810 /* IQToolbar */,
				9E730CB41FDAA1690059C810 /* Resources */,
			);
			path = IQKeyboardManagerSwift;
			sourceTree = "<group>";
		};
		9E730C9F1FDAA1690059C810 /* Categories */ = {
			isa = PBXGroup;
			children = (
				9E730CA01FDAA1690059C810 /* IQNSArray+Sort.swift */,
				9E730CA11FDAA1690059C810 /* IQUIScrollView+Additions.swift */,
				9E730CA21FDAA1690059C810 /* IQUITextFieldView+Additions.swift */,
				9E730CA31FDAA1690059C810 /* IQUIView+Hierarchy.swift */,
				9E730CA41FDAA1690059C810 /* IQUIViewController+Additions.swift */,
				9E730CA51FDAA1690059C810 /* IQUIWindow+Hierarchy.swift */,
			);
			path = Categories;
			sourceTree = "<group>";
		};
		9E730CA61FDAA1690059C810 /* Constants */ = {
			isa = PBXGroup;
			children = (
				9E730CA71FDAA1690059C810 /* IQKeyboardManagerConstants.swift */,
				9E730CA81FDAA1690059C810 /* IQKeyboardManagerConstantsInternal.swift */,
			);
			path = Constants;
			sourceTree = "<group>";
		};
		9E730CAC1FDAA1690059C810 /* IQTextView */ = {
			isa = PBXGroup;
			children = (
				9E730CAD1FDAA1690059C810 /* IQTextView.swift */,
			);
			path = IQTextView;
			sourceTree = "<group>";
		};
		9E730CAE1FDAA1690059C810 /* IQToolbar */ = {
			isa = PBXGroup;
			children = (
				9E730CAF1FDAA1690059C810 /* IQBarButtonItem.swift */,
				9E730CB01FDAA1690059C810 /* IQPreviousNextView.swift */,
				9E730CB11FDAA1690059C810 /* IQTitleBarButtonItem.swift */,
				9E730CB21FDAA1690059C810 /* IQToolbar.swift */,
				9E730CB31FDAA1690059C810 /* IQUIView+IQKeyboardToolbar.swift */,
			);
			path = IQToolbar;
			sourceTree = "<group>";
		};
		9E730CB41FDAA1690059C810 /* Resources */ = {
			isa = PBXGroup;
			children = (
				9E730CB51FDAA1690059C810 /* IQKeyboardManager.bundle */,
			);
			path = Resources;
			sourceTree = "<group>";
		};
		9E730CB61FDAA1690059C810 /* Data Access */ = {
			isa = PBXGroup;
			children = (
				9E730CB71FDAA1690059C810 /* DataHelper.swift */,
				9E730CB81FDAA1690059C810 /* EasyTime.xcdatamodeld */,
				9E730CBA1FDAA1690059C810 /* Entities */,
			);
			path = "Data Access";
			sourceTree = "<group>";
		};
		9E730CBA1FDAA1690059C810 /* Entities */ = {
			isa = PBXGroup;
			children = (
				9E730CBB1FDAA1690059C810 /* Address+CoreDataClass.swift */,
				9E730CBC1FDAA1690059C810 /* Address+CoreDataProperties.swift */,
				9E730CBD1FDAA1690059C810 /* Contact+CoreDataClass.swift */,
				9E730CBE1FDAA1690059C810 /* Contact+CoreDataProperties.swift */,
				9E730CBF1FDAA1690059C810 /* Customer+CoreDataClass.swift */,
				9E730CC01FDAA1690059C810 /* Customer+CoreDataProperties.swift */,
				9E730CC11FDAA1690059C810 /* Expense+CoreDataClass.swift */,
				9E730CC21FDAA1690059C810 /* Expense+CoreDataProperties.swift */,
				9E730CC31FDAA1690059C810 /* Files+CoreDataClass.swift */,
				9E730CC41FDAA1690059C810 /* Files+CoreDataProperties.swift */,
				9E730CC51FDAA1690059C810 /* Job+CoreDataClass.swift */,
				9E730CC61FDAA1690059C810 /* Job+CoreDataProperties.swift */,
				9E730CC71FDAA1690059C810 /* Material+CoreDataClass.swift */,
				9E730CC81FDAA1690059C810 /* Material+CoreDataProperties.swift */,
				9E730CC91FDAA1690059C810 /* Object+CoreDataClass.swift */,
				9E730CCA1FDAA1690059C810 /* Object+CoreDataProperties.swift */,
				9E730CCB1FDAA1690059C810 /* Order+CoreDataClass.swift */,
				9E730CCC1FDAA1690059C810 /* Order+CoreDataProperties.swift */,
				9E730CCD1FDAA1690059C810 /* Project+CoreDataClass.swift */,
				9E730CCE1FDAA1690059C810 /* Project+CoreDataProperties.swift */,
				9E730CCF1FDAA1690059C810 /* Type+CoreDataClass.swift */,
				9E730CD01FDAA1690059C810 /* Type+CoreDataProperties.swift */,
				9E730CD11FDAA1690059C810 /* User+CoreDataClass.swift */,
				9E730CD21FDAA1690059C810 /* User+CoreDataProperties.swift */,
			);
			path = Entities;
			sourceTree = "<group>";
		};
		9E730CD31FDAA1690059C810 /* Common */ = {
			isa = PBXGroup;
			children = (
				9E730CD41FDAA1690059C810 /* Constants.swift */,
				9E730CD51FDAA1690059C810 /* Extensions.swift */,
			);
			path = Common;
			sourceTree = "<group>";
		};
		9E730CD61FDAA1690059C810 /* Middleware */ = {
			isa = PBXGroup;
			children = (
				9E730CD71FDAA1690059C810 /* AppManager.swift */,
				9E730CD81FDAA1690059C810 /* Authenticator.swift */,
				B73108D91FDFD2AF00BB3B07 /* CSVParser.swift */,
			);
			path = Middleware;
			sourceTree = "<group>";
		};
		9E730CD91FDAA16A0059C810 /* Supporting Files */ = {
			isa = PBXGroup;
			children = (
				B73108D51FDEC1DE00BB3B07 /* customer.csv */,
				9E730D3F1FDAA17A0059C810 /* EasyTime-Bridging-Header.h */,
				9E730CDC1FDAA16A0059C810 /* Info.plist */,
				9E730CDA1FDAA16A0059C810 /* LaunchScreen.storyboard */,
			);
			path = "Supporting Files";
			sourceTree = "<group>";
		};
		9E730CDD1FDAA16A0059C810 /* User Interface */ = {
			isa = PBXGroup;
			children = (
				9E730CDE1FDAA16A0059C810 /* Assets.xcassets */,
				9E730CDF1FDAA16A0059C810 /* Clients */,
				9E730CE21FDAA16A0059C810 /* Login */,
				9E730CE61FDAA16A0059C810 /* Materials */,
				9E730CE91FDAA16A0059C810 /* Projects */,
				9E730CEC1FDAA16A0059C810 /* Root */,
				9E730CEF1FDAA16A0059C810 /* Settings */,
				9E730CF21FDAA16A0059C810 /* Shared */,
				9E730D401FDAA2290059C810 /* TabBar */,
			);
			path = "User Interface";
			sourceTree = "<group>";
		};
		9E730CDF1FDAA16A0059C810 /* Clients */ = {
			isa = PBXGroup;
			children = (
				9E730CE01FDAA16A0059C810 /* ClientsViewController.swift */,
				9E730CE11FDAA16A0059C810 /* ClientsViewController.xib */,
			);
			path = Clients;
			sourceTree = "<group>";
		};
		9E730CE21FDAA16A0059C810 /* Login */ = {
			isa = PBXGroup;
			children = (
				9E730CE31FDAA16A0059C810 /* LoginViewController.swift */,
				9E730CE41FDAA16A0059C810 /* LoginViewController.xib */,
				9E730CE51FDAA16A0059C810 /* LoginViewModel.swift */,
			);
			path = Login;
			sourceTree = "<group>";
		};
		9E730CE61FDAA16A0059C810 /* Materials */ = {
			isa = PBXGroup;
			children = (
				9E730CE71FDAA16A0059C810 /* MaterialsViewController.swift */,
				9E730CE81FDAA16A0059C810 /* MaterialsViewController.xib */,
			);
			path = Materials;
			sourceTree = "<group>";
		};
		9E730CE91FDAA16A0059C810 /* Projects */ = {
			isa = PBXGroup;
			children = (
				9E730CEA1FDAA16A0059C810 /* ProjectsViewController.swift */,
				9E730CEB1FDAA16A0059C810 /* ProjectsViewController.xib */,
				9EAE1F231FE0068200E8C47E /* ProjectsViewModel.swift */,
				9EAE1F251FE0FDC600E8C47E /* ProjectTableViewCell.swift */,
				9EAE1F261FE0FDC600E8C47E /* ProjectTableViewCell.xib */,
			);
			path = Projects;
			sourceTree = "<group>";
		};
		9E730CEC1FDAA16A0059C810 /* Root */ = {
			isa = PBXGroup;
			children = (
				9E730CED1FDAA16A0059C810 /* RootViewController.swift */,
			);
			path = Root;
			sourceTree = "<group>";
		};
		9E730CEF1FDAA16A0059C810 /* Settings */ = {
			isa = PBXGroup;
			children = (
				9E730CF01FDAA16A0059C810 /* SettingsViewController.swift */,
				9E730CF11FDAA16A0059C810 /* SettingsViewController.xib */,
			);
			path = Settings;
			sourceTree = "<group>";
		};
		9E730CF21FDAA16A0059C810 /* Shared */ = {
			isa = PBXGroup;
			children = (
				9E730CF31FDAA16A0059C810 /* View Controllers */,
			);
			path = Shared;
			sourceTree = "<group>";
		};
		9E730CF31FDAA16A0059C810 /* View Controllers */ = {
			isa = PBXGroup;
			children = (
				9E730CF41FDAA16A0059C810 /* BaseViewController.swift */,
				9E730CF61FDAA16A0059C810 /* BaseViewModel.swift */,
			);
			path = "View Controllers";
			sourceTree = "<group>";
		};
		9E730D401FDAA2290059C810 /* TabBar */ = {
			isa = PBXGroup;
			children = (
				9E730D411FDAA2290059C810 /* TabBarViewController.swift */,
			);
			path = TabBar;
			sourceTree = "<group>";
		};
		B7E358BE1FD53F6C006256FC = {
			isa = PBXGroup;
			children = (
				B7E358C91FD53F6C006256FC /* EasyTime */,
				B7E358C81FD53F6C006256FC /* Products */,
			);
			sourceTree = "<group>";
		};
		B7E358C81FD53F6C006256FC /* Products */ = {
			isa = PBXGroup;
			children = (
				B7E358C71FD53F6C006256FC /* EasyTime.app */,
			);
			name = Products;
			sourceTree = "<group>";
		};
		B7E358C91FD53F6C006256FC /* EasyTime */ = {
			isa = PBXGroup;
			children = (
				9E730C9C1FDAA1690059C810 /* AppDelegate.swift */,
				9E730CD31FDAA1690059C810 /* Common */,
				9E730CB61FDAA1690059C810 /* Data Access */,
				9E730C9D1FDAA1690059C810 /* Frameworks */,
				9E730CD61FDAA1690059C810 /* Middleware */,
				9E730CD91FDAA16A0059C810 /* Supporting Files */,
				9E730CDD1FDAA16A0059C810 /* User Interface */,
			);
			path = EasyTime;
			sourceTree = "<group>";
		};
/* End PBXGroup section */

/* Begin PBXNativeTarget section */
		B7E358C61FD53F6C006256FC /* EasyTime */ = {
			isa = PBXNativeTarget;
			buildConfigurationList = B7E358DC1FD53F6C006256FC /* Build configuration list for PBXNativeTarget "EasyTime" */;
			buildPhases = (
				B7E358C31FD53F6C006256FC /* Sources */,
				B7E358C41FD53F6C006256FC /* Frameworks */,
				B7E358C51FD53F6C006256FC /* Resources */,
			);
			buildRules = (
			);
			dependencies = (
			);
			name = EasyTime;
			productName = EasyTime;
			productReference = B7E358C71FD53F6C006256FC /* EasyTime.app */;
			productType = "com.apple.product-type.application";
		};
/* End PBXNativeTarget section */

/* Begin PBXProject section */
		B7E358BF1FD53F6C006256FC /* Project object */ = {
			isa = PBXProject;
			attributes = {
				LastSwiftUpdateCheck = 0910;
				LastUpgradeCheck = 0920;
				ORGANIZATIONNAME = Mobexs;
				TargetAttributes = {
					B7E358C61FD53F6C006256FC = {
						CreatedOnToolsVersion = 9.1;
						LastSwiftMigration = 0900;
						ProvisioningStyle = Automatic;
					};
				};
			};
			buildConfigurationList = B7E358C21FD53F6C006256FC /* Build configuration list for PBXProject "EasyTime" */;
			compatibilityVersion = "Xcode 8.0";
			developmentRegion = en;
			hasScannedForEncodings = 0;
			knownRegions = (
				en,
				Base,
			);
			mainGroup = B7E358BE1FD53F6C006256FC;
			productRefGroup = B7E358C81FD53F6C006256FC /* Products */;
			projectDirPath = "";
			projectRoot = "";
			targets = (
				B7E358C61FD53F6C006256FC /* EasyTime */,
			);
		};
/* End PBXProject section */

/* Begin PBXResourcesBuildPhase section */
		B7E358C51FD53F6C006256FC /* Resources */ = {
			isa = PBXResourcesBuildPhase;
			buildActionMask = 2147483647;
			files = (
				B73108D61FDEC1DF00BB3B07 /* customer.csv in Resources */,
				9E730D2F1FDAA16A0059C810 /* ClientsViewController.xib in Resources */,
				9E730D341FDAA16A0059C810 /* MaterialsViewController.xib in Resources */,
				9E730D3A1FDAA16A0059C810 /* SettingsViewController.xib in Resources */,
				9E730D0C1FDAA16A0059C810 /* IQKeyboardManager.bundle in Resources */,
				9E730D2B1FDAA16A0059C810 /* LaunchScreen.storyboard in Resources */,
				9E730D2D1FDAA16A0059C810 /* Assets.xcassets in Resources */,
				9E730D2C1FDAA16A0059C810 /* Info.plist in Resources */,
				9EAE1F281FE0FDC600E8C47E /* ProjectTableViewCell.xib in Resources */,
				9E730D311FDAA16A0059C810 /* LoginViewController.xib in Resources */,
				9E730D361FDAA16A0059C810 /* ProjectsViewController.xib in Resources */,
			);
			runOnlyForDeploymentPostprocessing = 0;
		};
/* End PBXResourcesBuildPhase section */

/* Begin PBXSourcesBuildPhase section */
		B7E358C31FD53F6C006256FC /* Sources */ = {
			isa = PBXSourcesBuildPhase;
			buildActionMask = 2147483647;
			files = (
				9E730D431FDAA22A0059C810 /* TabBarViewController.swift in Sources */,
				9E730D331FDAA16A0059C810 /* MaterialsViewController.swift in Sources */,
				9E730D241FDAA16A0059C810 /* Type+CoreDataProperties.swift in Sources */,
				9E730D0E1FDAA16A0059C810 /* EasyTime.xcdatamodeld in Sources */,
				9E730D001FDAA16A0059C810 /* IQUIViewController+Additions.swift in Sources */,
				9E730D1D1FDAA16A0059C810 /* Object+CoreDataClass.swift in Sources */,
				9E730D261FDAA16A0059C810 /* User+CoreDataProperties.swift in Sources */,
				9E730D1A1FDAA16A0059C810 /* Job+CoreDataProperties.swift in Sources */,
				9E730CFC1FDAA16A0059C810 /* IQNSArray+Sort.swift in Sources */,
				9E730D201FDAA16A0059C810 /* Order+CoreDataProperties.swift in Sources */,
				9E730D081FDAA16A0059C810 /* IQPreviousNextView.swift in Sources */,
				9E730D051FDAA16A0059C810 /* IQKeyboardReturnKeyHandler.swift in Sources */,
				9E730D351FDAA16A0059C810 /* ProjectsViewController.swift in Sources */,
				9E730D281FDAA16A0059C810 /* Extensions.swift in Sources */,
				9E730D031FDAA16A0059C810 /* IQKeyboardManagerConstantsInternal.swift in Sources */,
				9E730CFB1FDAA16A0059C810 /* AppDelegate.swift in Sources */,
				9E730D301FDAA16A0059C810 /* LoginViewController.swift in Sources */,
				9E730D061FDAA16A0059C810 /* IQTextView.swift in Sources */,
				9E730D161FDAA16A0059C810 /* Expense+CoreDataProperties.swift in Sources */,
				9E730D1B1FDAA16A0059C810 /* Material+CoreDataClass.swift in Sources */,
				9E730D111FDAA16A0059C810 /* Contact+CoreDataClass.swift in Sources */,
				9E730D0A1FDAA16A0059C810 /* IQToolbar.swift in Sources */,
				9E730D2E1FDAA16A0059C810 /* ClientsViewController.swift in Sources */,
				9E730D151FDAA16A0059C810 /* Expense+CoreDataClass.swift in Sources */,
				9E730D1E1FDAA16A0059C810 /* Object+CoreDataProperties.swift in Sources */,
				9E730D1F1FDAA16A0059C810 /* Order+CoreDataClass.swift in Sources */,
				9E730D181FDAA16A0059C810 /* Files+CoreDataProperties.swift in Sources */,
				9E730D251FDAA16A0059C810 /* User+CoreDataClass.swift in Sources */,
				B73108DA1FDFD2AF00BB3B07 /* CSVParser.swift in Sources */,
				9E730D121FDAA16A0059C810 /* Contact+CoreDataProperties.swift in Sources */,
				9E730D271FDAA16A0059C810 /* Constants.swift in Sources */,
				9E730CFE1FDAA16A0059C810 /* IQUITextFieldView+Additions.swift in Sources */,
				9E730D3B1FDAA16A0059C810 /* BaseViewController.swift in Sources */,
				9E730D0D1FDAA16A0059C810 /* DataHelper.swift in Sources */,
				9E730D3C1FDAA16A0059C810 /* BaseViewModel.swift in Sources */,
				9EAE1F271FE0FDC600E8C47E /* ProjectTableViewCell.swift in Sources */,
				9E730D0B1FDAA16A0059C810 /* IQUIView+IQKeyboardToolbar.swift in Sources */,
				9E730D0F1FDAA16A0059C810 /* Address+CoreDataClass.swift in Sources */,
				9E730D021FDAA16A0059C810 /* IQKeyboardManagerConstants.swift in Sources */,
				9E730D231FDAA16A0059C810 /* Type+CoreDataClass.swift in Sources */,
				9E730D321FDAA16A0059C810 /* LoginViewModel.swift in Sources */,
				9E730D291FDAA16A0059C810 /* AppManager.swift in Sources */,
				9E730D141FDAA16A0059C810 /* Customer+CoreDataProperties.swift in Sources */,
				9E730D091FDAA16A0059C810 /* IQTitleBarButtonItem.swift in Sources */,
				9E730D211FDAA16A0059C810 /* Project+CoreDataClass.swift in Sources */,
				9E730D221FDAA16A0059C810 /* Project+CoreDataProperties.swift in Sources */,
				B73108D81FDEC28300BB3B07 /* CSV.swift in Sources */,
				9E730D371FDAA16A0059C810 /* RootViewController.swift in Sources */,
				9E730D191FDAA16A0059C810 /* Job+CoreDataClass.swift in Sources */,
				9EAE1F241FE0068300E8C47E /* ProjectsViewModel.swift in Sources */,
				9E730D041FDAA16A0059C810 /* IQKeyboardManager.swift in Sources */,
				9E730D071FDAA16A0059C810 /* IQBarButtonItem.swift in Sources */,
				9E730D101FDAA16A0059C810 /* Address+CoreDataProperties.swift in Sources */,
				9E730CFF1FDAA16A0059C810 /* IQUIView+Hierarchy.swift in Sources */,
				9E730D2A1FDAA16A0059C810 /* Authenticator.swift in Sources */,
				9E730D131FDAA16A0059C810 /* Customer+CoreDataClass.swift in Sources */,
				9E730D1C1FDAA16A0059C810 /* Material+CoreDataProperties.swift in Sources */,
				9E730D391FDAA16A0059C810 /* SettingsViewController.swift in Sources */,
				9E730CFD1FDAA16A0059C810 /* IQUIScrollView+Additions.swift in Sources */,
				9E730D011FDAA16A0059C810 /* IQUIWindow+Hierarchy.swift in Sources */,
				9E730D171FDAA16A0059C810 /* Files+CoreDataClass.swift in Sources */,
			);
			runOnlyForDeploymentPostprocessing = 0;
		};
/* End PBXSourcesBuildPhase section */

/* Begin PBXVariantGroup section */
		9E730CDA1FDAA16A0059C810 /* LaunchScreen.storyboard */ = {
			isa = PBXVariantGroup;
			children = (
				9E730CDB1FDAA16A0059C810 /* Base */,
			);
			name = LaunchScreen.storyboard;
			sourceTree = "<group>";
		};
/* End PBXVariantGroup section */

/* Begin XCBuildConfiguration section */
		B7E358DA1FD53F6C006256FC /* Debug */ = {
			isa = XCBuildConfiguration;
			buildSettings = {
				ALWAYS_SEARCH_USER_PATHS = NO;
				CLANG_ANALYZER_NONNULL = YES;
				CLANG_ANALYZER_NUMBER_OBJECT_CONVERSION = YES_AGGRESSIVE;
				CLANG_CXX_LANGUAGE_STANDARD = "gnu++14";
				CLANG_CXX_LIBRARY = "libc++";
				CLANG_ENABLE_MODULES = YES;
				CLANG_ENABLE_OBJC_ARC = YES;
				CLANG_WARN_BLOCK_CAPTURE_AUTORELEASING = YES;
				CLANG_WARN_BOOL_CONVERSION = YES;
				CLANG_WARN_COMMA = YES;
				CLANG_WARN_CONSTANT_CONVERSION = YES;
				CLANG_WARN_DIRECT_OBJC_ISA_USAGE = YES_ERROR;
				CLANG_WARN_DOCUMENTATION_COMMENTS = YES;
				CLANG_WARN_EMPTY_BODY = YES;
				CLANG_WARN_ENUM_CONVERSION = YES;
				CLANG_WARN_INFINITE_RECURSION = YES;
				CLANG_WARN_INT_CONVERSION = YES;
				CLANG_WARN_NON_LITERAL_NULL_CONVERSION = YES;
				CLANG_WARN_OBJC_LITERAL_CONVERSION = YES;
				CLANG_WARN_OBJC_ROOT_CLASS = YES_ERROR;
				CLANG_WARN_RANGE_LOOP_ANALYSIS = YES;
				CLANG_WARN_STRICT_PROTOTYPES = YES;
				CLANG_WARN_SUSPICIOUS_MOVE = YES;
				CLANG_WARN_UNGUARDED_AVAILABILITY = YES_AGGRESSIVE;
				CLANG_WARN_UNREACHABLE_CODE = YES;
				CLANG_WARN__DUPLICATE_METHOD_MATCH = YES;
				CODE_SIGN_IDENTITY = "iPhone Developer";
				COPY_PHASE_STRIP = NO;
				DEBUG_INFORMATION_FORMAT = dwarf;
				ENABLE_STRICT_OBJC_MSGSEND = YES;
				ENABLE_TESTABILITY = YES;
				GCC_C_LANGUAGE_STANDARD = gnu11;
				GCC_DYNAMIC_NO_PIC = NO;
				GCC_NO_COMMON_BLOCKS = YES;
				GCC_OPTIMIZATION_LEVEL = 0;
				GCC_PREPROCESSOR_DEFINITIONS = (
					"DEBUG=1",
					"$(inherited)",
				);
				GCC_WARN_64_TO_32_BIT_CONVERSION = YES;
				GCC_WARN_ABOUT_RETURN_TYPE = YES_ERROR;
				GCC_WARN_UNDECLARED_SELECTOR = YES;
				GCC_WARN_UNINITIALIZED_AUTOS = YES_AGGRESSIVE;
				GCC_WARN_UNUSED_FUNCTION = YES;
				GCC_WARN_UNUSED_VARIABLE = YES;
				IPHONEOS_DEPLOYMENT_TARGET = 10.0;
				MTL_ENABLE_DEBUG_INFO = YES;
				ONLY_ACTIVE_ARCH = YES;
				SDKROOT = iphoneos;
				SWIFT_ACTIVE_COMPILATION_CONDITIONS = DEBUG;
				SWIFT_OPTIMIZATION_LEVEL = "-Onone";
			};
			name = Debug;
		};
		B7E358DB1FD53F6C006256FC /* Release */ = {
			isa = XCBuildConfiguration;
			buildSettings = {
				ALWAYS_SEARCH_USER_PATHS = NO;
				CLANG_ANALYZER_NONNULL = YES;
				CLANG_ANALYZER_NUMBER_OBJECT_CONVERSION = YES_AGGRESSIVE;
				CLANG_CXX_LANGUAGE_STANDARD = "gnu++14";
				CLANG_CXX_LIBRARY = "libc++";
				CLANG_ENABLE_MODULES = YES;
				CLANG_ENABLE_OBJC_ARC = YES;
				CLANG_WARN_BLOCK_CAPTURE_AUTORELEASING = YES;
				CLANG_WARN_BOOL_CONVERSION = YES;
				CLANG_WARN_COMMA = YES;
				CLANG_WARN_CONSTANT_CONVERSION = YES;
				CLANG_WARN_DIRECT_OBJC_ISA_USAGE = YES_ERROR;
				CLANG_WARN_DOCUMENTATION_COMMENTS = YES;
				CLANG_WARN_EMPTY_BODY = YES;
				CLANG_WARN_ENUM_CONVERSION = YES;
				CLANG_WARN_INFINITE_RECURSION = YES;
				CLANG_WARN_INT_CONVERSION = YES;
				CLANG_WARN_NON_LITERAL_NULL_CONVERSION = YES;
				CLANG_WARN_OBJC_LITERAL_CONVERSION = YES;
				CLANG_WARN_OBJC_ROOT_CLASS = YES_ERROR;
				CLANG_WARN_RANGE_LOOP_ANALYSIS = YES;
				CLANG_WARN_STRICT_PROTOTYPES = YES;
				CLANG_WARN_SUSPICIOUS_MOVE = YES;
				CLANG_WARN_UNGUARDED_AVAILABILITY = YES_AGGRESSIVE;
				CLANG_WARN_UNREACHABLE_CODE = YES;
				CLANG_WARN__DUPLICATE_METHOD_MATCH = YES;
				CODE_SIGN_IDENTITY = "iPhone Developer";
				COPY_PHASE_STRIP = NO;
				DEBUG_INFORMATION_FORMAT = "dwarf-with-dsym";
				ENABLE_NS_ASSERTIONS = NO;
				ENABLE_STRICT_OBJC_MSGSEND = YES;
				GCC_C_LANGUAGE_STANDARD = gnu11;
				GCC_NO_COMMON_BLOCKS = YES;
				GCC_WARN_64_TO_32_BIT_CONVERSION = YES;
				GCC_WARN_ABOUT_RETURN_TYPE = YES_ERROR;
				GCC_WARN_UNDECLARED_SELECTOR = YES;
				GCC_WARN_UNINITIALIZED_AUTOS = YES_AGGRESSIVE;
				GCC_WARN_UNUSED_FUNCTION = YES;
				GCC_WARN_UNUSED_VARIABLE = YES;
				IPHONEOS_DEPLOYMENT_TARGET = 10.0;
				MTL_ENABLE_DEBUG_INFO = NO;
				SDKROOT = iphoneos;
				SWIFT_OPTIMIZATION_LEVEL = "-Owholemodule";
				VALIDATE_PRODUCT = YES;
			};
			name = Release;
		};
		B7E358DD1FD53F6C006256FC /* Debug */ = {
			isa = XCBuildConfiguration;
			buildSettings = {
				ASSETCATALOG_COMPILER_APPICON_NAME = AppIcon;
				CLANG_ENABLE_MODULES = YES;
				CODE_SIGN_STYLE = Automatic;
				DEVELOPMENT_TEAM = LZZX277PR7;
				INFOPLIST_FILE = "EasyTime/Supporting Files/Info.plist";
				IPHONEOS_DEPLOYMENT_TARGET = 10.0;
				LD_RUNPATH_SEARCH_PATHS = "$(inherited) @executable_path/Frameworks";
				PRODUCT_BUNDLE_IDENTIFIER = com.swiss1mobile.EasyTime;
				PRODUCT_NAME = "$(TARGET_NAME)";
				SWIFT_OBJC_BRIDGING_HEADER = "EasyTime/Supporting Files/EasyTime-Bridging-Header.h";
				SWIFT_OPTIMIZATION_LEVEL = "-Onone";
				SWIFT_VERSION = 4.0;
				TARGETED_DEVICE_FAMILY = "1,2";
			};
			name = Debug;
		};
		B7E358DE1FD53F6C006256FC /* Release */ = {
			isa = XCBuildConfiguration;
			buildSettings = {
				ASSETCATALOG_COMPILER_APPICON_NAME = AppIcon;
				CLANG_ENABLE_MODULES = YES;
				CODE_SIGN_STYLE = Automatic;
				DEVELOPMENT_TEAM = LZZX277PR7;
				INFOPLIST_FILE = "EasyTime/Supporting Files/Info.plist";
				IPHONEOS_DEPLOYMENT_TARGET = 10.0;
				LD_RUNPATH_SEARCH_PATHS = "$(inherited) @executable_path/Frameworks";
				PRODUCT_BUNDLE_IDENTIFIER = com.swiss1mobile.EasyTime;
				PRODUCT_NAME = "$(TARGET_NAME)";
				SWIFT_OBJC_BRIDGING_HEADER = "EasyTime/Supporting Files/EasyTime-Bridging-Header.h";
				SWIFT_VERSION = 4.0;
				TARGETED_DEVICE_FAMILY = "1,2";
			};
			name = Release;
		};
/* End XCBuildConfiguration section */

/* Begin XCConfigurationList section */
		B7E358C21FD53F6C006256FC /* Build configuration list for PBXProject "EasyTime" */ = {
			isa = XCConfigurationList;
			buildConfigurations = (
				B7E358DA1FD53F6C006256FC /* Debug */,
				B7E358DB1FD53F6C006256FC /* Release */,
			);
			defaultConfigurationIsVisible = 0;
			defaultConfigurationName = Release;
		};
		B7E358DC1FD53F6C006256FC /* Build configuration list for PBXNativeTarget "EasyTime" */ = {
			isa = XCConfigurationList;
			buildConfigurations = (
				B7E358DD1FD53F6C006256FC /* Debug */,
				B7E358DE1FD53F6C006256FC /* Release */,
			);
			defaultConfigurationIsVisible = 0;
			defaultConfigurationName = Release;
		};
/* End XCConfigurationList section */

/* Begin XCVersionGroup section */
		9E730CB81FDAA1690059C810 /* EasyTime.xcdatamodeld */ = {
			isa = XCVersionGroup;
			children = (
				9E730CB91FDAA1690059C810 /* EasyTime.xcdatamodel */,
			);
			currentVersion = 9E730CB91FDAA1690059C810 /* EasyTime.xcdatamodel */;
			path = EasyTime.xcdatamodeld;
			sourceTree = "<group>";
			versionGroupType = wrapper.xcdatamodel;
		};
/* End XCVersionGroup section */
	};
	rootObject = B7E358BF1FD53F6C006256FC /* Project object */;
}
